<?xml version="1.0" encoding="utf-8"?>
<Project ToolsVersion="4.0" xmlns="http://schemas.microsoft.com/developer/msbuild/2003">
  <ItemGroup>
    <Filter Include="Source Files">
      <UniqueIdentifier>{e6a1ae4b-1cd8-4a2a-9c03-b536ddf63988}</UniqueIdentifier>
      <Extensions>cpp;c;cxx;rc;def;r;odl;idl;hpj;bat</Extensions>
    </Filter>
    <Filter Include="Header Files">
      <UniqueIdentifier>{e730820a-1753-4b79-9fc0-f8f55a0bab8f}</UniqueIdentifier>
      <Extensions>h;hpp;hxx;hm;inl</Extensions>
    </Filter>
    <Filter Include="Resource Files">
      <UniqueIdentifier>{bf5c8c82-9a10-401f-ac66-6dc10afc7217}</UniqueIdentifier>
      <Extensions>ico;cur;bmp;dlg;rc2;rct;bin;rgs;gif;jpg;jpeg;jpe</Extensions>
    </Filter>
  </ItemGroup>
  <ItemGroup>
    <ClCompile Include="Client.cpp">
      <Filter>Source Files</Filter>
    </ClCompile>
    <ClCompile Include="generated\IntLongMap.cpp">
      <Filter>Source Files</Filter>
    </ClCompile>
    <ClCompile Include="generated\dummy.cpp">
      <Filter>Source Files</Filter>
    </ClCompile>
  </ItemGroup>
  <ItemGroup>
    <ClInclude Include="generated\IntLongMap.h">
      <Filter>Header Files</Filter>
    </ClInclude>
    <ClInclude Include="generated\dummy.h">
      <Filter>Header Files</Filter>
    </ClInclude>
  </ItemGroup>
  <ItemGroup>
    <None Include="README" />
    <None Include="config" />
  </ItemGroup>
  <ItemGroup>
    <CustomBuild Include="dummy.ice">
      <Filter>Resource Files</Filter>
    </CustomBuild>
  </ItemGroup>
</Project>