<?xml version="1.0" encoding="utf-8"?>
<Project ToolsVersion="4.0" xmlns="http://schemas.microsoft.com/developer/msbuild/2003">
  <ItemGroup>
    <ClCompile Include="..\..\Server.cpp">
      <Filter>Source Files</Filter>
    </ClCompile>
    <ClCompile Include="..\..\TestI.cpp">
      <Filter>Source Files</Filter>
    </ClCompile>
    <ClCompile Include="x64\Cpp11-Debug\Test.cpp">
      <Filter>Source Files\x64\Cpp11-Debug</Filter>
    </ClCompile>
    <ClCompile Include="Win32\Cpp11-Debug\Test.cpp">
      <Filter>Source Files\Win32\Cpp11-Debug</Filter>
    </ClCompile>
    <ClCompile Include="x64\Debug\Test.cpp">
      <Filter>Source Files\x64\Debug</Filter>
    </ClCompile>
    <ClCompile Include="Win32\Debug\Test.cpp">
      <Filter>Source Files\Win32\Debug</Filter>
    </ClCompile>
    <ClCompile Include="x64\Release\Test.cpp">
      <Filter>Source Files\x64\Release</Filter>
    </ClCompile>
    <ClCompile Include="Win32\Release\Test.cpp">
      <Filter>Source Files\Win32\Release</Filter>
    </ClCompile>
    <ClCompile Include="x64\Cpp11-Release\Test.cpp">
      <Filter>Source Files\x64\Cpp11-Release</Filter>
    </ClCompile>
    <ClCompile Include="Win32\Cpp11-Release\Test.cpp">
      <Filter>Source Files\Win32\Cpp11-Release</Filter>
    </ClCompile>
  </ItemGroup>
  <ItemGroup>
    <Filter Include="Header Files">
      <UniqueIdentifier>{3f93759f-7de8-43d2-9cd4-e9308b4a0d94}</UniqueIdentifier>
    </Filter>
    <Filter Include="Slice Files">
      <UniqueIdentifier>{80928c7b-5e28-4e2f-a2fc-2ce99518837f}</UniqueIdentifier>
      <Extensions>ice</Extensions>
    </Filter>
    <Filter Include="Source Files">
      <UniqueIdentifier>{c889548e-ecd3-40c4-9354-ff5865ee1e84}</UniqueIdentifier>
    </Filter>
    <Filter Include="Source Files\x64">
      <UniqueIdentifier>{1958013b-6b0a-471b-9088-9327876d78fd}</UniqueIdentifier>
    </Filter>
    <Filter Include="Source Files\x64\Cpp11-Debug">
      <UniqueIdentifier>{0042e4dc-be56-43ed-9bd1-b81bb5278960}</UniqueIdentifier>
    </Filter>
    <Filter Include="Header Files\x64">
      <UniqueIdentifier>{3b09ba82-ad3e-405f-bed7-d37992cd69d1}</UniqueIdentifier>
    </Filter>
    <Filter Include="Header Files\x64\Cpp11-Debug">
      <UniqueIdentifier>{0bbe49e1-2cfd-42dd-aed0-a1c2cfdc8684}</UniqueIdentifier>
    </Filter>
    <Filter Include="Source Files\Win32">
      <UniqueIdentifier>{6eb6fccd-bfd5-494b-b196-6df004132ef1}</UniqueIdentifier>
    </Filter>
    <Filter Include="Source Files\Win32\Cpp11-Debug">
      <UniqueIdentifier>{c5189e5e-67d6-4463-8a60-9c453526b84f}</UniqueIdentifier>
    </Filter>
    <Filter Include="Header Files\Win32">
      <UniqueIdentifier>{3c3c2eb6-6f2c-4f1a-8715-a04afb9f3c31}</UniqueIdentifier>
    </Filter>
    <Filter Include="Header Files\Win32\Cpp11-Debug">
      <UniqueIdentifier>{6e9d6447-4e8f-4e63-91bc-13ed736d85d8}</UniqueIdentifier>
    </Filter>
    <Filter Include="Source Files\x64\Debug">
      <UniqueIdentifier>{f9a10fa4-486d-49f5-9325-fab3cb4301dc}</UniqueIdentifier>
    </Filter>
    <Filter Include="Header Files\x64\Debug">
      <UniqueIdentifier>{ec95e370-6ea6-45f6-bf5c-a73dda5e67fb}</UniqueIdentifier>
    </Filter>
    <Filter Include="Source Files\Win32\Debug">
      <UniqueIdentifier>{aeeea603-ac39-4a5f-bdb1-61b850a1100d}</UniqueIdentifier>
    </Filter>
    <Filter Include="Header Files\Win32\Debug">
      <UniqueIdentifier>{47dbc571-e103-4ccc-ac8e-3950170e2c63}</UniqueIdentifier>
    </Filter>
    <Filter Include="Source Files\x64\Release">
      <UniqueIdentifier>{93881060-2c12-4d48-a213-e47be2031da6}</UniqueIdentifier>
    </Filter>
    <Filter Include="Header Files\x64\Release">
      <UniqueIdentifier>{3e04c0dc-0037-480c-957c-8b3cbb71a7d7}</UniqueIdentifier>
    </Filter>
    <Filter Include="Source Files\Win32\Release">
      <UniqueIdentifier>{3ee559c1-8084-47b6-a2cc-02c1dc1e7d41}</UniqueIdentifier>
    </Filter>
    <Filter Include="Header Files\Win32\Release">
      <UniqueIdentifier>{0795383f-a567-464f-90f7-862eedc5e9f1}</UniqueIdentifier>
    </Filter>
    <Filter Include="Source Files\x64\Cpp11-Release">
      <UniqueIdentifier>{c585f260-86ce-4d97-9eb6-82a3f4b079cd}</UniqueIdentifier>
    </Filter>
    <Filter Include="Header Files\x64\Cpp11-Release">
      <UniqueIdentifier>{27764317-e7fe-45a9-b1f6-a4efe856bbba}</UniqueIdentifier>
    </Filter>
    <Filter Include="Source Files\Win32\Cpp11-Release">
      <UniqueIdentifier>{24b9522f-d554-47fc-970f-ba1c57cbaba8}</UniqueIdentifier>
    </Filter>
    <Filter Include="Header Files\Win32\Cpp11-Release">
      <UniqueIdentifier>{3072651e-527b-415b-a704-afaaa0795f18}</UniqueIdentifier>
    </Filter>
  </ItemGroup>
  <ItemGroup>
    <ClInclude Include="..\..\TestI.h">
      <Filter>Header Files</Filter>
    </ClInclude>
    <ClInclude Include="x64\Cpp11-Debug\Test.h">
      <Filter>Header Files\x64\Cpp11-Debug</Filter>
    </ClInclude>
    <ClInclude Include="Win32\Cpp11-Debug\Test.h">
      <Filter>Header Files\Win32\Cpp11-Debug</Filter>
    </ClInclude>
    <ClInclude Include="x64\Debug\Test.h">
      <Filter>Header Files\x64\Debug</Filter>
    </ClInclude>
    <ClInclude Include="Win32\Debug\Test.h">
      <Filter>Header Files\Win32\Debug</Filter>
    </ClInclude>
    <ClInclude Include="x64\Release\Test.h">
      <Filter>Header Files\x64\Release</Filter>
    </ClInclude>
    <ClInclude Include="Win32\Release\Test.h">
      <Filter>Header Files\Win32\Release</Filter>
    </ClInclude>
    <ClInclude Include="x64\Cpp11-Release\Test.h">
      <Filter>Header Files\x64\Cpp11-Release</Filter>
    </ClInclude>
    <ClInclude Include="Win32\Cpp11-Release\Test.h">
      <Filter>Header Files\Win32\Cpp11-Release</Filter>
    </ClInclude>
  </ItemGroup>
  <ItemGroup>
    <None Include="packages.config" />
  </ItemGroup>
  <ItemGroup>
    <SliceCompile Include="..\..\Test.ice">
      <Filter>Slice Files</Filter>
    </SliceCompile>
  </ItemGroup>
</Project>