<?xml version="1.0" encoding="utf-8"?>
<Project ToolsVersion="4.0" xmlns="http://schemas.microsoft.com/developer/msbuild/2003">
  <ItemGroup>
    <Filter Include="Source Files">
      <UniqueIdentifier>{1e4139ae-a394-46b5-a13b-a78735221a8c}</UniqueIdentifier>
      <Extensions>cpp;c;cxx;rc;def;r;odl;idl;hpj;bat</Extensions>
    </Filter>
    <Filter Include="Header Files">
      <UniqueIdentifier>{9b817dcd-b587-4abd-9e8b-0ad3029562d1}</UniqueIdentifier>
      <Extensions>h;hpp;hxx;hm;inl</Extensions>
    </Filter>
    <Filter Include="Resource Files">
      <UniqueIdentifier>{42ffcaac-685b-4bd5-9913-806a6c548b38}</UniqueIdentifier>
      <Extensions>ico;cur;bmp;dlg;rc2;rct;bin;rgs;gif;jpg;jpeg;jpe</Extensions>
    </Filter>
  </ItemGroup>
  <ItemGroup>
    <ClCompile Include="CurrentSqlContext.cpp">
      <Filter>Source Files</Filter>
    </ClCompile>
    <ClCompile Include="DeptFactoryI.cpp">
      <Filter>Source Files</Filter>
    </ClCompile>
    <ClCompile Include="DeptI.cpp">
      <Filter>Source Files</Filter>
    </ClCompile>
    <ClCompile Include="EmpI.cpp">
      <Filter>Source Files</Filter>
    </ClCompile>
    <ClCompile Include="HR.cpp">
      <Filter>Source Files</Filter>
    </ClCompile>
    <ClCompile Include="Server.cpp">
      <Filter>Source Files</Filter>
    </ClCompile>
    <ClCompile Include="Util.cpp">
      <Filter>Source Files</Filter>
    </ClCompile>
  </ItemGroup>
  <ItemGroup>
    <ClInclude Include="CurrentSqlContext.h">
      <Filter>Header Files</Filter>
    </ClInclude>
    <ClInclude Include="DeptFactoryI.h">
      <Filter>Header Files</Filter>
    </ClInclude>
    <ClInclude Include="DeptI.h">
      <Filter>Header Files</Filter>
    </ClInclude>
    <ClInclude Include="EmpI.h">
      <Filter>Header Files</Filter>
    </ClInclude>
    <ClInclude Include="HR.h">
      <Filter>Header Files</Filter>
    </ClInclude>
    <ClInclude Include="Util.h">
      <Filter>Header Files</Filter>
    </ClInclude>
  </ItemGroup>
  <ItemGroup>
    <None Include="HR.ice">
      <Filter>Resource Files</Filter>
    </None>
    <None Include="README" />
  </ItemGroup>
  <ItemGroup>
    <CustomBuild Include="CurrentSqlContext.pc">
      <Filter>Resource Files</Filter>
    </CustomBuild>
    <CustomBuild Include="DeptFactoryI.pc">
      <Filter>Resource Files</Filter>
    </CustomBuild>
    <CustomBuild Include="DeptI.pc">
      <Filter>Resource Files</Filter>
    </CustomBuild>
    <CustomBuild Include="EmpI.pc">
      <Filter>Resource Files</Filter>
    </CustomBuild>
    <CustomBuild Include="Server.pc">
      <Filter>Resource Files</Filter>
    </CustomBuild>
    <CustomBuild Include="Util.pc">
      <Filter>Resource Files</Filter>
    </CustomBuild>
  </ItemGroup>
</Project>