<?xml version="1.0" encoding="utf-8"?>
<Project ToolsVersion="4.0" xmlns="http://schemas.microsoft.com/developer/msbuild/2003">
  <ItemGroup>
    <ClCompile Include="..\..\..\Server.cpp">
      <Filter>Source Files</Filter>
    </ClCompile>
    <ClCompile Include="..\..\..\TestI.cpp">
      <Filter>Source Files</Filter>
    </ClCompile>
    <ClCompile Include="..\..\..\ExceptionsI.cpp">
      <Filter>Source Files</Filter>
    </ClCompile>
    <ClCompile Include="Win32\Debug\Test.cpp">
      <Filter>Source Files\Win32\Debug</Filter>
    </ClCompile>
    <ClCompile Include="ARM\Debug\Test.cpp">
      <Filter>Source Files\ARM\Debug</Filter>
    </ClCompile>
    <ClCompile Include="x64\Debug\Test.cpp">
      <Filter>Source Files\x64\Debug</Filter>
    </ClCompile>
    <ClCompile Include="Win32\Release\Test.cpp">
      <Filter>Source Files\Win32\Release</Filter>
    </ClCompile>
    <ClCompile Include="ARM\Release\Test.cpp">
      <Filter>Source Files\ARM\Release</Filter>
    </ClCompile>
    <ClCompile Include="x64\Release\Test.cpp">
      <Filter>Source Files\x64\Release</Filter>
    </ClCompile>
  </ItemGroup>
  <ItemGroup>
    <Filter Include="Source Files">
      <UniqueIdentifier>{2f0fb19b-2267-41d3-be93-25435208bf1f}</UniqueIdentifier>
    </Filter>
    <Filter Include="Header Files">
      <UniqueIdentifier>{c00091bb-7f8b-4fc4-b2d9-d402bcffbdbb}</UniqueIdentifier>
    </Filter>
    <Filter Include="Slice Files">
      <UniqueIdentifier>{b36d36c6-74ee-4a07-b655-2df7a275234b}</UniqueIdentifier>
      <Extensions>ice</Extensions>
    </Filter>
    <Filter Include="Source Files\Win32">
      <UniqueIdentifier>{95b1a906-c960-43d5-a810-f8b275c17eb4}</UniqueIdentifier>
    </Filter>
    <Filter Include="Source Files\Win32\Debug">
      <UniqueIdentifier>{54efdc15-55ed-4ba2-a844-37fe4261b59e}</UniqueIdentifier>
    </Filter>
    <Filter Include="Header Files\Win32">
      <UniqueIdentifier>{8894b9dd-0850-4536-9371-00f5f9b5215f}</UniqueIdentifier>
    </Filter>
    <Filter Include="Header Files\Win32\Debug">
      <UniqueIdentifier>{0b5158dd-0cc6-4850-ad7e-51e875ae6f22}</UniqueIdentifier>
    </Filter>
    <Filter Include="Source Files\ARM">
      <UniqueIdentifier>{fcd33a87-6cb4-43f1-b465-ffa90110ef89}</UniqueIdentifier>
    </Filter>
    <Filter Include="Source Files\ARM\Debug">
      <UniqueIdentifier>{2f43d3f5-086b-4e1b-b6c0-d590baada94d}</UniqueIdentifier>
    </Filter>
    <Filter Include="Header Files\ARM">
      <UniqueIdentifier>{24a41904-1752-429e-a50d-fc00a6b08856}</UniqueIdentifier>
    </Filter>
    <Filter Include="Header Files\ARM\Debug">
      <UniqueIdentifier>{579b1b2e-beef-4304-b448-b20fb33c067d}</UniqueIdentifier>
    </Filter>
    <Filter Include="Source Files\x64">
      <UniqueIdentifier>{d22c4e14-7c3c-4096-bd19-e3a8a8b6d0a8}</UniqueIdentifier>
    </Filter>
    <Filter Include="Source Files\x64\Debug">
      <UniqueIdentifier>{bf1ae1b4-603b-4b86-9e4e-55b1db82fbe0}</UniqueIdentifier>
    </Filter>
    <Filter Include="Header Files\x64">
      <UniqueIdentifier>{069af3b6-7d17-4c47-9d49-996dff2bff53}</UniqueIdentifier>
    </Filter>
    <Filter Include="Header Files\x64\Debug">
      <UniqueIdentifier>{792782fe-1411-457b-97a2-346393d7ff37}</UniqueIdentifier>
    </Filter>
    <Filter Include="Source Files\Win32\Release">
      <UniqueIdentifier>{7acb7fda-298a-45ad-bec1-76ec9fee3a3d}</UniqueIdentifier>
    </Filter>
    <Filter Include="Header Files\Win32\Release">
      <UniqueIdentifier>{de6e2978-8086-4f76-b880-36ec031031a4}</UniqueIdentifier>
    </Filter>
    <Filter Include="Source Files\ARM\Release">
      <UniqueIdentifier>{d18b04e3-7d3d-4c8c-a45e-dcf8e41d9a12}</UniqueIdentifier>
    </Filter>
    <Filter Include="Header Files\ARM\Release">
      <UniqueIdentifier>{ee21829f-67b8-465b-950c-f841ecc266c4}</UniqueIdentifier>
    </Filter>
    <Filter Include="Source Files\x64\Release">
      <UniqueIdentifier>{41301cae-0bca-4af8-aba7-6abb3a8d1410}</UniqueIdentifier>
    </Filter>
    <Filter Include="Header Files\x64\Release">
      <UniqueIdentifier>{91f1e4e4-bd90-464a-b44d-0bc88d49b870}</UniqueIdentifier>
    </Filter>
  </ItemGroup>
  <ItemGroup>
    <IceBuilder Include="..\..\..\Test.ice">
      <Filter>Slice Files</Filter>
    </IceBuilder>
  </ItemGroup>
  <ItemGroup>
    <ClInclude Include="..\..\..\TestI.h">
      <Filter>Header Files</Filter>
    </ClInclude>
    <ClInclude Include="Win32\Debug\Test.h">
      <Filter>Header Files\Win32\Debug</Filter>
    </ClInclude>
    <ClInclude Include="ARM\Debug\Test.h">
      <Filter>Header Files\ARM\Debug</Filter>
    </ClInclude>
    <ClInclude Include="x64\Debug\Test.h">
      <Filter>Header Files\x64\Debug</Filter>
    </ClInclude>
    <ClInclude Include="Win32\Release\Test.h">
      <Filter>Header Files\Win32\Release</Filter>
    </ClInclude>
    <ClInclude Include="ARM\Release\Test.h">
      <Filter>Header Files\ARM\Release</Filter>
    </ClInclude>
    <ClInclude Include="x64\Release\Test.h">
      <Filter>Header Files\x64\Release</Filter>
    </ClInclude>
  </ItemGroup>
  <ItemGroup>
    <None Include="packages.config" />
  </ItemGroup>
</Project>