
Microsoft Visual Studio Solution File, Format Version 12.00
# Visual Studio Version 17
VisualStudioVersion = 17.8.34316.72
MinimumVisualStudioVersion = 10.0.40219.1
Project("{8BC9CEB8-8B4A-11D0-8D11-00A0C91BC942}") = "iceutil", "..\src\IceUtil\msbuild\iceutil\iceutil.vcxproj", "{4D1A5110-3176-44BA-8BBB-57BF56519B9F}"
EndProject
Project("{8BC9CEB8-8B4A-11D0-8D11-00A0C91BC942}") = "slice", "..\src\Slice\msbuild\slice.vcxproj", "{57CD6AC2-0C9D-4648-9E9D-5DF60C90F18A}"
	ProjectSection(ProjectDependencies) = postProject
		{4D1A5110-3176-44BA-8BBB-57BF56519B9F} = {4D1A5110-3176-44BA-8BBB-57BF56519B9F}
	EndProjectSection
EndProject
Project("{8BC9CEB8-8B4A-11D0-8D11-00A0C91BC942}") = "slice2cpp", "..\src\slice2cpp\msbuild\slice2cpp.vcxproj", "{763F88BB-37FD-4BCC-9D13-A7103596EA06}"
	ProjectSection(ProjectDependencies) = postProject
		{57CD6AC2-0C9D-4648-9E9D-5DF60C90F18A} = {57CD6AC2-0C9D-4648-9E9D-5DF60C90F18A}
	EndProjectSection
EndProject
Project("{8BC9CEB8-8B4A-11D0-8D11-00A0C91BC942}") = "slice2cs", "..\src\slice2cs\msbuild\slice2cs.vcxproj", "{7BF9F3E4-46CA-491B-A349-624C45212A19}"
	ProjectSection(ProjectDependencies) = postProject
		{57CD6AC2-0C9D-4648-9E9D-5DF60C90F18A} = {57CD6AC2-0C9D-4648-9E9D-5DF60C90F18A}
	EndProjectSection
EndProject
Project("{8BC9CEB8-8B4A-11D0-8D11-00A0C91BC942}") = "slice2java", "..\src\slice2java\msbuild\slice2java.vcxproj", "{A503D0D4-22BB-4BDB-B996-862D14DA3349}"
	ProjectSection(ProjectDependencies) = postProject
		{57CD6AC2-0C9D-4648-9E9D-5DF60C90F18A} = {57CD6AC2-0C9D-4648-9E9D-5DF60C90F18A}
	EndProjectSection
EndProject
Project("{8BC9CEB8-8B4A-11D0-8D11-00A0C91BC942}") = "slice2js", "..\src\slice2js\msbuild\slice2js.vcxproj", "{8DF85304-2A53-4C36-804F-5C6FA2F75ACF}"
	ProjectSection(ProjectDependencies) = postProject
		{57CD6AC2-0C9D-4648-9E9D-5DF60C90F18A} = {57CD6AC2-0C9D-4648-9E9D-5DF60C90F18A}
	EndProjectSection
EndProject
Project("{8BC9CEB8-8B4A-11D0-8D11-00A0C91BC942}") = "slice2matlab", "..\src\slice2matlab\msbuild\slice2matlab.vcxproj", "{FBDCD48E-57DB-4CC1-A9D6-7D9F1C97D0E1}"
	ProjectSection(ProjectDependencies) = postProject
		{57CD6AC2-0C9D-4648-9E9D-5DF60C90F18A} = {57CD6AC2-0C9D-4648-9E9D-5DF60C90F18A}
	EndProjectSection
EndProject
Project("{8BC9CEB8-8B4A-11D0-8D11-00A0C91BC942}") = "slice2php", "..\src\slice2php\msbuild\slice2php.vcxproj", "{55A6E595-EFE4-47B9-957C-E4CFF2E75FD6}"
	ProjectSection(ProjectDependencies) = postProject
		{57CD6AC2-0C9D-4648-9E9D-5DF60C90F18A} = {57CD6AC2-0C9D-4648-9E9D-5DF60C90F18A}
	EndProjectSection
EndProject
Project("{8BC9CEB8-8B4A-11D0-8D11-00A0C91BC942}") = "slice2py", "..\src\slice2py\msbuild\slice2py.vcxproj", "{ACAF39D3-B4BD-426B-98DE-D95944B0D3F6}"
	ProjectSection(ProjectDependencies) = postProject
		{57CD6AC2-0C9D-4648-9E9D-5DF60C90F18A} = {57CD6AC2-0C9D-4648-9E9D-5DF60C90F18A}
	EndProjectSection
EndProject
Project("{8BC9CEB8-8B4A-11D0-8D11-00A0C91BC942}") = "slice2swift", "..\src\slice2swift\msbuild\slice2swift.vcxproj", "{8D237BBB-506A-4CC1-8C81-BDC2787DA88B}"
	ProjectSection(ProjectDependencies) = postProject
		{57CD6AC2-0C9D-4648-9E9D-5DF60C90F18A} = {57CD6AC2-0C9D-4648-9E9D-5DF60C90F18A}
	EndProjectSection
EndProject
Project("{8BC9CEB8-8B4A-11D0-8D11-00A0C91BC942}") = "ice", "..\src\Ice\msbuild\ice\ice.vcxproj", "{3AB9772C-6113-4F1C-90FB-5368E7486C11}"
	ProjectSection(ProjectDependencies) = postProject
		{763F88BB-37FD-4BCC-9D13-A7103596EA06} = {763F88BB-37FD-4BCC-9D13-A7103596EA06}
	EndProjectSection
EndProject
Project("{8BC9CEB8-8B4A-11D0-8D11-00A0C91BC942}") = "glacier2", "..\src\Glacier2Lib\msbuild\glacier2\glacier2.vcxproj", "{2940A3C2-A9BA-44AA-AF65-00479C783407}"
	ProjectSection(ProjectDependencies) = postProject
		{3AB9772C-6113-4F1C-90FB-5368E7486C11} = {3AB9772C-6113-4F1C-90FB-5368E7486C11}
		{763F88BB-37FD-4BCC-9D13-A7103596EA06} = {763F88BB-37FD-4BCC-9D13-A7103596EA06}
	EndProjectSection
EndProject
Project("{8BC9CEB8-8B4A-11D0-8D11-00A0C91BC942}") = "icedb", "..\src\IceDB\msbuild\icedb.vcxproj", "{E8ACC848-F7DA-4B29-B52F-81D66E7D397E}"
	ProjectSection(ProjectDependencies) = postProject
		{3AB9772C-6113-4F1C-90FB-5368E7486C11} = {3AB9772C-6113-4F1C-90FB-5368E7486C11}
	EndProjectSection
EndProject
Project("{8BC9CEB8-8B4A-11D0-8D11-00A0C91BC942}") = "icestorm", "..\src\IceStormLib\msbuild\icestorm\icestorm.vcxproj", "{A28E5839-97F3-4874-BB77-E425787CF2ED}"
	ProjectSection(ProjectDependencies) = postProject
		{3AB9772C-6113-4F1C-90FB-5368E7486C11} = {3AB9772C-6113-4F1C-90FB-5368E7486C11}
		{763F88BB-37FD-4BCC-9D13-A7103596EA06} = {763F88BB-37FD-4BCC-9D13-A7103596EA06}
	EndProjectSection
EndProject
Project("{8BC9CEB8-8B4A-11D0-8D11-00A0C91BC942}") = "icegrid", "..\src\IceGridLib\msbuild\icegrid\icegrid.vcxproj", "{142A9562-8DEC-4B1B-9B15-2CAD8304447B}"
	ProjectSection(ProjectDependencies) = postProject
		{2940A3C2-A9BA-44AA-AF65-00479C783407} = {2940A3C2-A9BA-44AA-AF65-00479C783407}
		{3AB9772C-6113-4F1C-90FB-5368E7486C11} = {3AB9772C-6113-4F1C-90FB-5368E7486C11}
		{763F88BB-37FD-4BCC-9D13-A7103596EA06} = {763F88BB-37FD-4BCC-9D13-A7103596EA06}
	EndProjectSection
EndProject
Project("{8BC9CEB8-8B4A-11D0-8D11-00A0C91BC942}") = "icediscovery", "..\src\IceDiscovery\msbuild\icediscovery\icediscovery.vcxproj", "{270BB666-62FB-49ED-BFA2-8F279DC9ABDD}"
	ProjectSection(ProjectDependencies) = postProject
		{3AB9772C-6113-4F1C-90FB-5368E7486C11} = {3AB9772C-6113-4F1C-90FB-5368E7486C11}
		{763F88BB-37FD-4BCC-9D13-A7103596EA06} = {763F88BB-37FD-4BCC-9D13-A7103596EA06}
	EndProjectSection
EndProject
Project("{8BC9CEB8-8B4A-11D0-8D11-00A0C91BC942}") = "icelocatordiscovery", "..\src\IceLocatorDiscovery\msbuild\icelocatordiscovery\icelocatordiscovery.vcxproj", "{C694B856-3393-41B4-B3DC-3A5AD9A92A3D}"
	ProjectSection(ProjectDependencies) = postProject
		{3AB9772C-6113-4F1C-90FB-5368E7486C11} = {3AB9772C-6113-4F1C-90FB-5368E7486C11}
	EndProjectSection
EndProject
Project("{8BC9CEB8-8B4A-11D0-8D11-00A0C91BC942}") = "iceboxlib", "..\src\IceBox\msbuild\iceboxlib\iceboxlib.vcxproj", "{4F8DD63C-3359-42F2-A6A8-80F7D55593AC}"
	ProjectSection(ProjectDependencies) = postProject
		{3AB9772C-6113-4F1C-90FB-5368E7486C11} = {3AB9772C-6113-4F1C-90FB-5368E7486C11}
		{763F88BB-37FD-4BCC-9D13-A7103596EA06} = {763F88BB-37FD-4BCC-9D13-A7103596EA06}
	EndProjectSection
EndProject
Project("{8BC9CEB8-8B4A-11D0-8D11-00A0C91BC942}") = "icebox", "..\src\IceBox\msbuild\icebox\icebox.vcxproj", "{96161748-CE5E-4548-BC1D-AFD2F137A1DC}"
	ProjectSection(ProjectDependencies) = postProject
		{4F8DD63C-3359-42F2-A6A8-80F7D55593AC} = {4F8DD63C-3359-42F2-A6A8-80F7D55593AC}
	EndProjectSection
EndProject
Project("{8BC9CEB8-8B4A-11D0-8D11-00A0C91BC942}") = "iceboxadmin", "..\src\IceBox\msbuild\iceboxadmin\iceboxadmin.vcxproj", "{1B745EA3-C97A-41BB-8E6F-64AAE992BE55}"
	ProjectSection(ProjectDependencies) = postProject
		{3AB9772C-6113-4F1C-90FB-5368E7486C11} = {3AB9772C-6113-4F1C-90FB-5368E7486C11}
		{4F8DD63C-3359-42F2-A6A8-80F7D55593AC} = {4F8DD63C-3359-42F2-A6A8-80F7D55593AC}
	EndProjectSection
EndProject
Project("{8BC9CEB8-8B4A-11D0-8D11-00A0C91BC942}") = "iceserviceinstall", "..\src\iceserviceinstall\msbuild\iceserviceinstall.vcxproj", "{0E22B627-F1A6-4771-89DE-9E45FD51F124}"
	ProjectSection(ProjectDependencies) = postProject
		{3AB9772C-6113-4F1C-90FB-5368E7486C11} = {3AB9772C-6113-4F1C-90FB-5368E7486C11}
	EndProjectSection
EndProject
Project("{8BC9CEB8-8B4A-11D0-8D11-00A0C91BC942}") = "icestormdb", "..\src\IceStorm\msbuild\icestormdb\icestormdb.vcxproj", "{F0B74B00-F252-4D38-A352-ED379CB196E9}"
	ProjectSection(ProjectDependencies) = postProject
		{142A9562-8DEC-4B1B-9B15-2CAD8304447B} = {142A9562-8DEC-4B1B-9B15-2CAD8304447B}
		{2940A3C2-A9BA-44AA-AF65-00479C783407} = {2940A3C2-A9BA-44AA-AF65-00479C783407}
		{4F8DD63C-3359-42F2-A6A8-80F7D55593AC} = {4F8DD63C-3359-42F2-A6A8-80F7D55593AC}
		{763F88BB-37FD-4BCC-9D13-A7103596EA06} = {763F88BB-37FD-4BCC-9D13-A7103596EA06}
		{A28E5839-97F3-4874-BB77-E425787CF2ED} = {A28E5839-97F3-4874-BB77-E425787CF2ED}
		{E8ACC848-F7DA-4B29-B52F-81D66E7D397E} = {E8ACC848-F7DA-4B29-B52F-81D66E7D397E}
	EndProjectSection
EndProject
Project("{8BC9CEB8-8B4A-11D0-8D11-00A0C91BC942}") = "icestormservice", "..\src\IceStorm\msbuild\icestormservice\icestormservice.vcxproj", "{9E13C4B5-5DA9-43C1-9304-AEAC035E854D}"
	ProjectSection(ProjectDependencies) = postProject
		{142A9562-8DEC-4B1B-9B15-2CAD8304447B} = {142A9562-8DEC-4B1B-9B15-2CAD8304447B}
		{2940A3C2-A9BA-44AA-AF65-00479C783407} = {2940A3C2-A9BA-44AA-AF65-00479C783407}
		{4F8DD63C-3359-42F2-A6A8-80F7D55593AC} = {4F8DD63C-3359-42F2-A6A8-80F7D55593AC}
		{763F88BB-37FD-4BCC-9D13-A7103596EA06} = {763F88BB-37FD-4BCC-9D13-A7103596EA06}
		{A28E5839-97F3-4874-BB77-E425787CF2ED} = {A28E5839-97F3-4874-BB77-E425787CF2ED}
		{E8ACC848-F7DA-4B29-B52F-81D66E7D397E} = {E8ACC848-F7DA-4B29-B52F-81D66E7D397E}
	EndProjectSection
EndProject
Project("{8BC9CEB8-8B4A-11D0-8D11-00A0C91BC942}") = "icestormadmin", "..\src\IceStorm\msbuild\icestormadmin\icestormadmin.vcxproj", "{8F1A1F99-DBE0-408D-99F7-D59142BD008C}"
	ProjectSection(ProjectDependencies) = postProject
		{142A9562-8DEC-4B1B-9B15-2CAD8304447B} = {142A9562-8DEC-4B1B-9B15-2CAD8304447B}
		{2940A3C2-A9BA-44AA-AF65-00479C783407} = {2940A3C2-A9BA-44AA-AF65-00479C783407}
		{4F8DD63C-3359-42F2-A6A8-80F7D55593AC} = {4F8DD63C-3359-42F2-A6A8-80F7D55593AC}
		{763F88BB-37FD-4BCC-9D13-A7103596EA06} = {763F88BB-37FD-4BCC-9D13-A7103596EA06}
		{A28E5839-97F3-4874-BB77-E425787CF2ED} = {A28E5839-97F3-4874-BB77-E425787CF2ED}
		{E8ACC848-F7DA-4B29-B52F-81D66E7D397E} = {E8ACC848-F7DA-4B29-B52F-81D66E7D397E}
	EndProjectSection
EndProject
Project("{8BC9CEB8-8B4A-11D0-8D11-00A0C91BC942}") = "icegridadmin", "..\src\IceGrid\msbuild\icegridadmin\icegridadmin.vcxproj", "{1F4CA1BE-B405-400F-912E-F0CC7E369D59}"
	ProjectSection(ProjectDependencies) = postProject
		{142A9562-8DEC-4B1B-9B15-2CAD8304447B} = {142A9562-8DEC-4B1B-9B15-2CAD8304447B}
		{3AB9772C-6113-4F1C-90FB-5368E7486C11} = {3AB9772C-6113-4F1C-90FB-5368E7486C11}
		{763F88BB-37FD-4BCC-9D13-A7103596EA06} = {763F88BB-37FD-4BCC-9D13-A7103596EA06}
		{96161748-CE5E-4548-BC1D-AFD2F137A1DC} = {96161748-CE5E-4548-BC1D-AFD2F137A1DC}
		{C694B856-3393-41B4-B3DC-3A5AD9A92A3D} = {C694B856-3393-41B4-B3DC-3A5AD9A92A3D}
	EndProjectSection
EndProject
Project("{8BC9CEB8-8B4A-11D0-8D11-00A0C91BC942}") = "icegridnode", "..\src\IceGrid\msbuild\icegridnode\icegridnode.vcxproj", "{48EF9416-336F-4FA5-A376-FDFB7726ADBA}"
	ProjectSection(ProjectDependencies) = postProject
		{142A9562-8DEC-4B1B-9B15-2CAD8304447B} = {142A9562-8DEC-4B1B-9B15-2CAD8304447B}
		{2940A3C2-A9BA-44AA-AF65-00479C783407} = {2940A3C2-A9BA-44AA-AF65-00479C783407}
		{4F8DD63C-3359-42F2-A6A8-80F7D55593AC} = {4F8DD63C-3359-42F2-A6A8-80F7D55593AC}
		{763F88BB-37FD-4BCC-9D13-A7103596EA06} = {763F88BB-37FD-4BCC-9D13-A7103596EA06}
		{9E13C4B5-5DA9-43C1-9304-AEAC035E854D} = {9E13C4B5-5DA9-43C1-9304-AEAC035E854D}
		{A28E5839-97F3-4874-BB77-E425787CF2ED} = {A28E5839-97F3-4874-BB77-E425787CF2ED}
		{E8ACC848-F7DA-4B29-B52F-81D66E7D397E} = {E8ACC848-F7DA-4B29-B52F-81D66E7D397E}
	EndProjectSection
EndProject
Project("{8BC9CEB8-8B4A-11D0-8D11-00A0C91BC942}") = "icegridregistry", "..\src\IceGrid\msbuild\icegridregistry\icegridregistry.vcxproj", "{64490115-464B-4DC3-B7C6-D0AF1B68B6F9}"
	ProjectSection(ProjectDependencies) = postProject
		{142A9562-8DEC-4B1B-9B15-2CAD8304447B} = {142A9562-8DEC-4B1B-9B15-2CAD8304447B}
		{2940A3C2-A9BA-44AA-AF65-00479C783407} = {2940A3C2-A9BA-44AA-AF65-00479C783407}
		{4F8DD63C-3359-42F2-A6A8-80F7D55593AC} = {4F8DD63C-3359-42F2-A6A8-80F7D55593AC}
		{763F88BB-37FD-4BCC-9D13-A7103596EA06} = {763F88BB-37FD-4BCC-9D13-A7103596EA06}
		{9E13C4B5-5DA9-43C1-9304-AEAC035E854D} = {9E13C4B5-5DA9-43C1-9304-AEAC035E854D}
		{A28E5839-97F3-4874-BB77-E425787CF2ED} = {A28E5839-97F3-4874-BB77-E425787CF2ED}
	EndProjectSection
EndProject
Project("{8BC9CEB8-8B4A-11D0-8D11-00A0C91BC942}") = "glacier2router", "..\src\Glacier2\msbuild\glacier2router.vcxproj", "{541CF1D6-95FD-4499-AB02-75CCCEE660B0}"
	ProjectSection(ProjectDependencies) = postProject
		{2940A3C2-A9BA-44AA-AF65-00479C783407} = {2940A3C2-A9BA-44AA-AF65-00479C783407}
		{3AB9772C-6113-4F1C-90FB-5368E7486C11} = {3AB9772C-6113-4F1C-90FB-5368E7486C11}
	EndProjectSection
EndProject
Project("{8BC9CEB8-8B4A-11D0-8D11-00A0C91BC942}") = "icegriddb", "..\src\icegriddb\msbuild\icegriddb.vcxproj", "{369524F4-D374-44F4-BCFD-408934595701}"
	ProjectSection(ProjectDependencies) = postProject
		{142A9562-8DEC-4B1B-9B15-2CAD8304447B} = {142A9562-8DEC-4B1B-9B15-2CAD8304447B}
		{3AB9772C-6113-4F1C-90FB-5368E7486C11} = {3AB9772C-6113-4F1C-90FB-5368E7486C11}
		{763F88BB-37FD-4BCC-9D13-A7103596EA06} = {763F88BB-37FD-4BCC-9D13-A7103596EA06}
		{E8ACC848-F7DA-4B29-B52F-81D66E7D397E} = {E8ACC848-F7DA-4B29-B52F-81D66E7D397E}
	EndProjectSection
EndProject
Project("{8BC9CEB8-8B4A-11D0-8D11-00A0C91BC942}") = "icebridge", "..\src\IceBridge\msbuild\icebridge.vcxproj", "{1D6E8807-7C28-421F-B49E-BCB482FCB21D}"
	ProjectSection(ProjectDependencies) = postProject
		{3AB9772C-6113-4F1C-90FB-5368E7486C11} = {3AB9772C-6113-4F1C-90FB-5368E7486C11}
	EndProjectSection
EndProject
Project("{8BC9CEB8-8B4A-11D0-8D11-00A0C91BC942}") = "slice2rb", "..\src\slice2rb\msbuild\slice2rb.vcxproj", "{A79E9EB0-878C-4EDB-9804-2D262D6008DB}"
EndProject
Project("{8BC9CEB8-8B4A-11D0-8D11-00A0C91BC942}") = "ice2slice", "..\src\ice2slice\msbuild\ice2slice.vcxproj", "{773EA63E-40AE-45B8-82B4-82B54CF309F8}"
EndProject
Project("{8BC9CEB8-8B4A-11D0-8D11-00A0C91BC942}") = "datastorm", "..\src\DataStorm\msbuild\datastorm\datastorm.vcxproj", "{BD2AC148-422F-49E0-9185-ACCBA7AECF26}"
	ProjectSection(ProjectDependencies) = postProject
		{3AB9772C-6113-4F1C-90FB-5368E7486C11} = {3AB9772C-6113-4F1C-90FB-5368E7486C11}
		{763F88BB-37FD-4BCC-9D13-A7103596EA06} = {763F88BB-37FD-4BCC-9D13-A7103596EA06}
	EndProjectSection
EndProject
Project("{8BC9CEB8-8B4A-11D0-8D11-00A0C91BC942}") = "dsnode", "..\src\dsnode\msbuild\dsnode.vcxproj", "{85F74421-2B78-448B-91F0-496526EB365F}"
	ProjectSection(ProjectDependencies) = postProject
		{BD2AC148-422F-49E0-9185-ACCBA7AECF26} = {BD2AC148-422F-49E0-9185-ACCBA7AECF26}
	EndProjectSection
EndProject
Global
	GlobalSection(SolutionConfigurationPlatforms) = preSolution
		Debug|Win32 = Debug|Win32
		Debug|x64 = Debug|x64
		Release|Win32 = Release|Win32
		Release|x64 = Release|x64
	EndGlobalSection
	GlobalSection(ProjectConfigurationPlatforms) = postSolution
		{4D1A5110-3176-44BA-8BBB-57BF56519B9F}.Debug|Win32.ActiveCfg = Debug|Win32
		{4D1A5110-3176-44BA-8BBB-57BF56519B9F}.Debug|Win32.Build.0 = Debug|Win32
		{4D1A5110-3176-44BA-8BBB-57BF56519B9F}.Debug|x64.ActiveCfg = Debug|x64
		{4D1A5110-3176-44BA-8BBB-57BF56519B9F}.Debug|x64.Build.0 = Debug|x64
		{4D1A5110-3176-44BA-8BBB-57BF56519B9F}.Release|Win32.ActiveCfg = Release|Win32
		{4D1A5110-3176-44BA-8BBB-57BF56519B9F}.Release|Win32.Build.0 = Release|Win32
		{4D1A5110-3176-44BA-8BBB-57BF56519B9F}.Release|x64.ActiveCfg = Release|x64
		{4D1A5110-3176-44BA-8BBB-57BF56519B9F}.Release|x64.Build.0 = Release|x64
		{57CD6AC2-0C9D-4648-9E9D-5DF60C90F18A}.Debug|Win32.ActiveCfg = Debug|Win32
		{57CD6AC2-0C9D-4648-9E9D-5DF60C90F18A}.Debug|Win32.Build.0 = Debug|Win32
		{57CD6AC2-0C9D-4648-9E9D-5DF60C90F18A}.Debug|x64.ActiveCfg = Debug|x64
		{57CD6AC2-0C9D-4648-9E9D-5DF60C90F18A}.Debug|x64.Build.0 = Debug|x64
		{57CD6AC2-0C9D-4648-9E9D-5DF60C90F18A}.Release|Win32.ActiveCfg = Release|Win32
		{57CD6AC2-0C9D-4648-9E9D-5DF60C90F18A}.Release|Win32.Build.0 = Release|Win32
		{57CD6AC2-0C9D-4648-9E9D-5DF60C90F18A}.Release|x64.ActiveCfg = Release|x64
		{57CD6AC2-0C9D-4648-9E9D-5DF60C90F18A}.Release|x64.Build.0 = Release|x64
		{763F88BB-37FD-4BCC-9D13-A7103596EA06}.Debug|Win32.ActiveCfg = Debug|Win32
		{763F88BB-37FD-4BCC-9D13-A7103596EA06}.Debug|Win32.Build.0 = Debug|Win32
		{763F88BB-37FD-4BCC-9D13-A7103596EA06}.Debug|x64.ActiveCfg = Debug|x64
		{763F88BB-37FD-4BCC-9D13-A7103596EA06}.Debug|x64.Build.0 = Debug|x64
		{763F88BB-37FD-4BCC-9D13-A7103596EA06}.Release|Win32.ActiveCfg = Release|Win32
		{763F88BB-37FD-4BCC-9D13-A7103596EA06}.Release|Win32.Build.0 = Release|Win32
		{763F88BB-37FD-4BCC-9D13-A7103596EA06}.Release|x64.ActiveCfg = Release|x64
		{763F88BB-37FD-4BCC-9D13-A7103596EA06}.Release|x64.Build.0 = Release|x64
		{7BF9F3E4-46CA-491B-A349-624C45212A19}.Debug|Win32.ActiveCfg = Debug|Win32
		{7BF9F3E4-46CA-491B-A349-624C45212A19}.Debug|Win32.Build.0 = Debug|Win32
		{7BF9F3E4-46CA-491B-A349-624C45212A19}.Debug|x64.ActiveCfg = Debug|x64
		{7BF9F3E4-46CA-491B-A349-624C45212A19}.Debug|x64.Build.0 = Debug|x64
		{7BF9F3E4-46CA-491B-A349-624C45212A19}.Release|Win32.ActiveCfg = Release|Win32
		{7BF9F3E4-46CA-491B-A349-624C45212A19}.Release|Win32.Build.0 = Release|Win32
		{7BF9F3E4-46CA-491B-A349-624C45212A19}.Release|x64.ActiveCfg = Release|x64
		{7BF9F3E4-46CA-491B-A349-624C45212A19}.Release|x64.Build.0 = Release|x64
		{A503D0D4-22BB-4BDB-B996-862D14DA3349}.Debug|Win32.ActiveCfg = Debug|Win32
		{A503D0D4-22BB-4BDB-B996-862D14DA3349}.Debug|Win32.Build.0 = Debug|Win32
		{A503D0D4-22BB-4BDB-B996-862D14DA3349}.Debug|x64.ActiveCfg = Debug|x64
		{A503D0D4-22BB-4BDB-B996-862D14DA3349}.Debug|x64.Build.0 = Debug|x64
		{A503D0D4-22BB-4BDB-B996-862D14DA3349}.Release|Win32.ActiveCfg = Release|Win32
		{A503D0D4-22BB-4BDB-B996-862D14DA3349}.Release|Win32.Build.0 = Release|Win32
		{A503D0D4-22BB-4BDB-B996-862D14DA3349}.Release|x64.ActiveCfg = Release|x64
		{A503D0D4-22BB-4BDB-B996-862D14DA3349}.Release|x64.Build.0 = Release|x64
		{8DF85304-2A53-4C36-804F-5C6FA2F75ACF}.Debug|Win32.ActiveCfg = Debug|Win32
		{8DF85304-2A53-4C36-804F-5C6FA2F75ACF}.Debug|Win32.Build.0 = Debug|Win32
		{8DF85304-2A53-4C36-804F-5C6FA2F75ACF}.Debug|x64.ActiveCfg = Debug|x64
		{8DF85304-2A53-4C36-804F-5C6FA2F75ACF}.Debug|x64.Build.0 = Debug|x64
		{8DF85304-2A53-4C36-804F-5C6FA2F75ACF}.Release|Win32.ActiveCfg = Release|Win32
		{8DF85304-2A53-4C36-804F-5C6FA2F75ACF}.Release|Win32.Build.0 = Release|Win32
		{8DF85304-2A53-4C36-804F-5C6FA2F75ACF}.Release|x64.ActiveCfg = Release|x64
		{8DF85304-2A53-4C36-804F-5C6FA2F75ACF}.Release|x64.Build.0 = Release|x64
		{FBDCD48E-57DB-4CC1-A9D6-7D9F1C97D0E1}.Debug|Win32.ActiveCfg = Debug|Win32
		{FBDCD48E-57DB-4CC1-A9D6-7D9F1C97D0E1}.Debug|Win32.Build.0 = Debug|Win32
		{FBDCD48E-57DB-4CC1-A9D6-7D9F1C97D0E1}.Debug|x64.ActiveCfg = Debug|x64
		{FBDCD48E-57DB-4CC1-A9D6-7D9F1C97D0E1}.Debug|x64.Build.0 = Debug|x64
		{FBDCD48E-57DB-4CC1-A9D6-7D9F1C97D0E1}.Release|Win32.ActiveCfg = Release|Win32
		{FBDCD48E-57DB-4CC1-A9D6-7D9F1C97D0E1}.Release|Win32.Build.0 = Release|Win32
		{FBDCD48E-57DB-4CC1-A9D6-7D9F1C97D0E1}.Release|x64.ActiveCfg = Release|x64
		{FBDCD48E-57DB-4CC1-A9D6-7D9F1C97D0E1}.Release|x64.Build.0 = Release|x64
		{55A6E595-EFE4-47B9-957C-E4CFF2E75FD6}.Debug|Win32.ActiveCfg = Debug|Win32
		{55A6E595-EFE4-47B9-957C-E4CFF2E75FD6}.Debug|Win32.Build.0 = Debug|Win32
		{55A6E595-EFE4-47B9-957C-E4CFF2E75FD6}.Debug|x64.ActiveCfg = Debug|x64
		{55A6E595-EFE4-47B9-957C-E4CFF2E75FD6}.Debug|x64.Build.0 = Debug|x64
		{55A6E595-EFE4-47B9-957C-E4CFF2E75FD6}.Release|Win32.ActiveCfg = Release|Win32
		{55A6E595-EFE4-47B9-957C-E4CFF2E75FD6}.Release|Win32.Build.0 = Release|Win32
		{55A6E595-EFE4-47B9-957C-E4CFF2E75FD6}.Release|x64.ActiveCfg = Release|x64
		{55A6E595-EFE4-47B9-957C-E4CFF2E75FD6}.Release|x64.Build.0 = Release|x64
		{ACAF39D3-B4BD-426B-98DE-D95944B0D3F6}.Debug|Win32.ActiveCfg = Debug|Win32
		{ACAF39D3-B4BD-426B-98DE-D95944B0D3F6}.Debug|Win32.Build.0 = Debug|Win32
		{ACAF39D3-B4BD-426B-98DE-D95944B0D3F6}.Debug|x64.ActiveCfg = Debug|x64
		{ACAF39D3-B4BD-426B-98DE-D95944B0D3F6}.Debug|x64.Build.0 = Debug|x64
		{ACAF39D3-B4BD-426B-98DE-D95944B0D3F6}.Release|Win32.ActiveCfg = Release|Win32
		{ACAF39D3-B4BD-426B-98DE-D95944B0D3F6}.Release|Win32.Build.0 = Release|Win32
		{ACAF39D3-B4BD-426B-98DE-D95944B0D3F6}.Release|x64.ActiveCfg = Release|x64
		{ACAF39D3-B4BD-426B-98DE-D95944B0D3F6}.Release|x64.Build.0 = Release|x64
		{8D237BBB-506A-4CC1-8C81-BDC2787DA88B}.Debug|Win32.ActiveCfg = Debug|Win32
		{8D237BBB-506A-4CC1-8C81-BDC2787DA88B}.Debug|Win32.Build.0 = Debug|Win32
		{8D237BBB-506A-4CC1-8C81-BDC2787DA88B}.Debug|x64.ActiveCfg = Debug|x64
		{8D237BBB-506A-4CC1-8C81-BDC2787DA88B}.Debug|x64.Build.0 = Debug|x64
		{8D237BBB-506A-4CC1-8C81-BDC2787DA88B}.Release|Win32.ActiveCfg = Release|Win32
		{8D237BBB-506A-4CC1-8C81-BDC2787DA88B}.Release|Win32.Build.0 = Release|Win32
		{8D237BBB-506A-4CC1-8C81-BDC2787DA88B}.Release|x64.ActiveCfg = Release|x64
		{8D237BBB-506A-4CC1-8C81-BDC2787DA88B}.Release|x64.Build.0 = Release|x64
		{3AB9772C-6113-4F1C-90FB-5368E7486C11}.Debug|Win32.ActiveCfg = Debug|Win32
		{3AB9772C-6113-4F1C-90FB-5368E7486C11}.Debug|Win32.Build.0 = Debug|Win32
		{3AB9772C-6113-4F1C-90FB-5368E7486C11}.Debug|x64.ActiveCfg = Debug|x64
		{3AB9772C-6113-4F1C-90FB-5368E7486C11}.Debug|x64.Build.0 = Debug|x64
		{3AB9772C-6113-4F1C-90FB-5368E7486C11}.Release|Win32.ActiveCfg = Release|Win32
		{3AB9772C-6113-4F1C-90FB-5368E7486C11}.Release|Win32.Build.0 = Release|Win32
		{3AB9772C-6113-4F1C-90FB-5368E7486C11}.Release|x64.ActiveCfg = Release|x64
		{3AB9772C-6113-4F1C-90FB-5368E7486C11}.Release|x64.Build.0 = Release|x64
		{2940A3C2-A9BA-44AA-AF65-00479C783407}.Debug|Win32.ActiveCfg = Debug|Win32
		{2940A3C2-A9BA-44AA-AF65-00479C783407}.Debug|Win32.Build.0 = Debug|Win32
		{2940A3C2-A9BA-44AA-AF65-00479C783407}.Debug|x64.ActiveCfg = Debug|x64
		{2940A3C2-A9BA-44AA-AF65-00479C783407}.Debug|x64.Build.0 = Debug|x64
		{2940A3C2-A9BA-44AA-AF65-00479C783407}.Release|Win32.ActiveCfg = Release|Win32
		{2940A3C2-A9BA-44AA-AF65-00479C783407}.Release|Win32.Build.0 = Release|Win32
		{2940A3C2-A9BA-44AA-AF65-00479C783407}.Release|x64.ActiveCfg = Release|x64
		{2940A3C2-A9BA-44AA-AF65-00479C783407}.Release|x64.Build.0 = Release|x64
		{E8ACC848-F7DA-4B29-B52F-81D66E7D397E}.Debug|Win32.ActiveCfg = Debug|Win32
		{E8ACC848-F7DA-4B29-B52F-81D66E7D397E}.Debug|Win32.Build.0 = Debug|Win32
		{E8ACC848-F7DA-4B29-B52F-81D66E7D397E}.Debug|x64.ActiveCfg = Debug|x64
		{E8ACC848-F7DA-4B29-B52F-81D66E7D397E}.Debug|x64.Build.0 = Debug|x64
		{E8ACC848-F7DA-4B29-B52F-81D66E7D397E}.Release|Win32.ActiveCfg = Release|Win32
		{E8ACC848-F7DA-4B29-B52F-81D66E7D397E}.Release|Win32.Build.0 = Release|Win32
		{E8ACC848-F7DA-4B29-B52F-81D66E7D397E}.Release|x64.ActiveCfg = Release|x64
		{E8ACC848-F7DA-4B29-B52F-81D66E7D397E}.Release|x64.Build.0 = Release|x64
		{A28E5839-97F3-4874-BB77-E425787CF2ED}.Debug|Win32.ActiveCfg = Debug|Win32
		{A28E5839-97F3-4874-BB77-E425787CF2ED}.Debug|Win32.Build.0 = Debug|Win32
		{A28E5839-97F3-4874-BB77-E425787CF2ED}.Debug|x64.ActiveCfg = Debug|x64
		{A28E5839-97F3-4874-BB77-E425787CF2ED}.Debug|x64.Build.0 = Debug|x64
		{A28E5839-97F3-4874-BB77-E425787CF2ED}.Release|Win32.ActiveCfg = Release|Win32
		{A28E5839-97F3-4874-BB77-E425787CF2ED}.Release|Win32.Build.0 = Release|Win32
		{A28E5839-97F3-4874-BB77-E425787CF2ED}.Release|x64.ActiveCfg = Release|x64
		{A28E5839-97F3-4874-BB77-E425787CF2ED}.Release|x64.Build.0 = Release|x64
		{142A9562-8DEC-4B1B-9B15-2CAD8304447B}.Debug|Win32.ActiveCfg = Debug|Win32
		{142A9562-8DEC-4B1B-9B15-2CAD8304447B}.Debug|Win32.Build.0 = Debug|Win32
		{142A9562-8DEC-4B1B-9B15-2CAD8304447B}.Debug|x64.ActiveCfg = Debug|x64
		{142A9562-8DEC-4B1B-9B15-2CAD8304447B}.Debug|x64.Build.0 = Debug|x64
		{142A9562-8DEC-4B1B-9B15-2CAD8304447B}.Release|Win32.ActiveCfg = Release|Win32
		{142A9562-8DEC-4B1B-9B15-2CAD8304447B}.Release|Win32.Build.0 = Release|Win32
		{142A9562-8DEC-4B1B-9B15-2CAD8304447B}.Release|x64.ActiveCfg = Release|x64
		{142A9562-8DEC-4B1B-9B15-2CAD8304447B}.Release|x64.Build.0 = Release|x64
		{270BB666-62FB-49ED-BFA2-8F279DC9ABDD}.Debug|Win32.ActiveCfg = Debug|Win32
		{270BB666-62FB-49ED-BFA2-8F279DC9ABDD}.Debug|Win32.Build.0 = Debug|Win32
		{270BB666-62FB-49ED-BFA2-8F279DC9ABDD}.Debug|x64.ActiveCfg = Debug|x64
		{270BB666-62FB-49ED-BFA2-8F279DC9ABDD}.Debug|x64.Build.0 = Debug|x64
		{270BB666-62FB-49ED-BFA2-8F279DC9ABDD}.Release|Win32.ActiveCfg = Release|Win32
		{270BB666-62FB-49ED-BFA2-8F279DC9ABDD}.Release|Win32.Build.0 = Release|Win32
		{270BB666-62FB-49ED-BFA2-8F279DC9ABDD}.Release|x64.ActiveCfg = Release|x64
		{270BB666-62FB-49ED-BFA2-8F279DC9ABDD}.Release|x64.Build.0 = Release|x64
		{C694B856-3393-41B4-B3DC-3A5AD9A92A3D}.Debug|Win32.ActiveCfg = Debug|Win32
		{C694B856-3393-41B4-B3DC-3A5AD9A92A3D}.Debug|Win32.Build.0 = Debug|Win32
		{C694B856-3393-41B4-B3DC-3A5AD9A92A3D}.Debug|x64.ActiveCfg = Debug|x64
		{C694B856-3393-41B4-B3DC-3A5AD9A92A3D}.Debug|x64.Build.0 = Debug|x64
		{C694B856-3393-41B4-B3DC-3A5AD9A92A3D}.Release|Win32.ActiveCfg = Release|Win32
		{C694B856-3393-41B4-B3DC-3A5AD9A92A3D}.Release|Win32.Build.0 = Release|Win32
		{C694B856-3393-41B4-B3DC-3A5AD9A92A3D}.Release|x64.ActiveCfg = Release|x64
		{C694B856-3393-41B4-B3DC-3A5AD9A92A3D}.Release|x64.Build.0 = Release|x64
		{4F8DD63C-3359-42F2-A6A8-80F7D55593AC}.Debug|Win32.ActiveCfg = Debug|Win32
		{4F8DD63C-3359-42F2-A6A8-80F7D55593AC}.Debug|Win32.Build.0 = Debug|Win32
		{4F8DD63C-3359-42F2-A6A8-80F7D55593AC}.Debug|x64.ActiveCfg = Debug|x64
		{4F8DD63C-3359-42F2-A6A8-80F7D55593AC}.Debug|x64.Build.0 = Debug|x64
		{4F8DD63C-3359-42F2-A6A8-80F7D55593AC}.Release|Win32.ActiveCfg = Release|Win32
		{4F8DD63C-3359-42F2-A6A8-80F7D55593AC}.Release|Win32.Build.0 = Release|Win32
		{4F8DD63C-3359-42F2-A6A8-80F7D55593AC}.Release|x64.ActiveCfg = Release|x64
		{4F8DD63C-3359-42F2-A6A8-80F7D55593AC}.Release|x64.Build.0 = Release|x64
		{96161748-CE5E-4548-BC1D-AFD2F137A1DC}.Debug|Win32.ActiveCfg = Debug|Win32
		{96161748-CE5E-4548-BC1D-AFD2F137A1DC}.Debug|Win32.Build.0 = Debug|Win32
		{96161748-CE5E-4548-BC1D-AFD2F137A1DC}.Debug|x64.ActiveCfg = Debug|x64
		{96161748-CE5E-4548-BC1D-AFD2F137A1DC}.Debug|x64.Build.0 = Debug|x64
		{96161748-CE5E-4548-BC1D-AFD2F137A1DC}.Release|Win32.ActiveCfg = Release|Win32
		{96161748-CE5E-4548-BC1D-AFD2F137A1DC}.Release|Win32.Build.0 = Release|Win32
		{96161748-CE5E-4548-BC1D-AFD2F137A1DC}.Release|x64.ActiveCfg = Release|x64
		{96161748-CE5E-4548-BC1D-AFD2F137A1DC}.Release|x64.Build.0 = Release|x64
		{1B745EA3-C97A-41BB-8E6F-64AAE992BE55}.Debug|Win32.ActiveCfg = Debug|Win32
		{1B745EA3-C97A-41BB-8E6F-64AAE992BE55}.Debug|Win32.Build.0 = Debug|Win32
		{1B745EA3-C97A-41BB-8E6F-64AAE992BE55}.Debug|x64.ActiveCfg = Debug|x64
		{1B745EA3-C97A-41BB-8E6F-64AAE992BE55}.Debug|x64.Build.0 = Debug|x64
		{1B745EA3-C97A-41BB-8E6F-64AAE992BE55}.Release|Win32.ActiveCfg = Release|Win32
		{1B745EA3-C97A-41BB-8E6F-64AAE992BE55}.Release|Win32.Build.0 = Release|Win32
		{1B745EA3-C97A-41BB-8E6F-64AAE992BE55}.Release|x64.ActiveCfg = Release|x64
		{1B745EA3-C97A-41BB-8E6F-64AAE992BE55}.Release|x64.Build.0 = Release|x64
		{0E22B627-F1A6-4771-89DE-9E45FD51F124}.Debug|Win32.ActiveCfg = Debug|Win32
		{0E22B627-F1A6-4771-89DE-9E45FD51F124}.Debug|Win32.Build.0 = Debug|Win32
		{0E22B627-F1A6-4771-89DE-9E45FD51F124}.Debug|x64.ActiveCfg = Debug|x64
		{0E22B627-F1A6-4771-89DE-9E45FD51F124}.Debug|x64.Build.0 = Debug|x64
		{0E22B627-F1A6-4771-89DE-9E45FD51F124}.Release|Win32.ActiveCfg = Release|Win32
		{0E22B627-F1A6-4771-89DE-9E45FD51F124}.Release|Win32.Build.0 = Release|Win32
		{0E22B627-F1A6-4771-89DE-9E45FD51F124}.Release|x64.ActiveCfg = Release|x64
		{0E22B627-F1A6-4771-89DE-9E45FD51F124}.Release|x64.Build.0 = Release|x64
		{F0B74B00-F252-4D38-A352-ED379CB196E9}.Debug|Win32.ActiveCfg = Debug|Win32
		{F0B74B00-F252-4D38-A352-ED379CB196E9}.Debug|Win32.Build.0 = Debug|Win32
		{F0B74B00-F252-4D38-A352-ED379CB196E9}.Debug|x64.ActiveCfg = Debug|x64
		{F0B74B00-F252-4D38-A352-ED379CB196E9}.Debug|x64.Build.0 = Debug|x64
		{F0B74B00-F252-4D38-A352-ED379CB196E9}.Release|Win32.ActiveCfg = Release|Win32
		{F0B74B00-F252-4D38-A352-ED379CB196E9}.Release|Win32.Build.0 = Release|Win32
		{F0B74B00-F252-4D38-A352-ED379CB196E9}.Release|x64.ActiveCfg = Release|x64
		{F0B74B00-F252-4D38-A352-ED379CB196E9}.Release|x64.Build.0 = Release|x64
		{9E13C4B5-5DA9-43C1-9304-AEAC035E854D}.Debug|Win32.ActiveCfg = Debug|Win32
		{9E13C4B5-5DA9-43C1-9304-AEAC035E854D}.Debug|Win32.Build.0 = Debug|Win32
		{9E13C4B5-5DA9-43C1-9304-AEAC035E854D}.Debug|x64.ActiveCfg = Debug|x64
		{9E13C4B5-5DA9-43C1-9304-AEAC035E854D}.Debug|x64.Build.0 = Debug|x64
		{9E13C4B5-5DA9-43C1-9304-AEAC035E854D}.Release|Win32.ActiveCfg = Release|Win32
		{9E13C4B5-5DA9-43C1-9304-AEAC035E854D}.Release|Win32.Build.0 = Release|Win32
		{9E13C4B5-5DA9-43C1-9304-AEAC035E854D}.Release|x64.ActiveCfg = Release|x64
		{9E13C4B5-5DA9-43C1-9304-AEAC035E854D}.Release|x64.Build.0 = Release|x64
		{8F1A1F99-DBE0-408D-99F7-D59142BD008C}.Debug|Win32.ActiveCfg = Debug|Win32
		{8F1A1F99-DBE0-408D-99F7-D59142BD008C}.Debug|Win32.Build.0 = Debug|Win32
		{8F1A1F99-DBE0-408D-99F7-D59142BD008C}.Debug|x64.ActiveCfg = Debug|x64
		{8F1A1F99-DBE0-408D-99F7-D59142BD008C}.Debug|x64.Build.0 = Debug|x64
		{8F1A1F99-DBE0-408D-99F7-D59142BD008C}.Release|Win32.ActiveCfg = Release|Win32
		{8F1A1F99-DBE0-408D-99F7-D59142BD008C}.Release|Win32.Build.0 = Release|Win32
		{8F1A1F99-DBE0-408D-99F7-D59142BD008C}.Release|x64.ActiveCfg = Release|x64
		{8F1A1F99-DBE0-408D-99F7-D59142BD008C}.Release|x64.Build.0 = Release|x64
		{1F4CA1BE-B405-400F-912E-F0CC7E369D59}.Debug|Win32.ActiveCfg = Debug|Win32
		{1F4CA1BE-B405-400F-912E-F0CC7E369D59}.Debug|Win32.Build.0 = Debug|Win32
		{1F4CA1BE-B405-400F-912E-F0CC7E369D59}.Debug|x64.ActiveCfg = Debug|x64
		{1F4CA1BE-B405-400F-912E-F0CC7E369D59}.Debug|x64.Build.0 = Debug|x64
		{1F4CA1BE-B405-400F-912E-F0CC7E369D59}.Release|Win32.ActiveCfg = Release|Win32
		{1F4CA1BE-B405-400F-912E-F0CC7E369D59}.Release|Win32.Build.0 = Release|Win32
		{1F4CA1BE-B405-400F-912E-F0CC7E369D59}.Release|x64.ActiveCfg = Release|x64
		{1F4CA1BE-B405-400F-912E-F0CC7E369D59}.Release|x64.Build.0 = Release|x64
		{48EF9416-336F-4FA5-A376-FDFB7726ADBA}.Debug|Win32.ActiveCfg = Debug|Win32
		{48EF9416-336F-4FA5-A376-FDFB7726ADBA}.Debug|Win32.Build.0 = Debug|Win32
		{48EF9416-336F-4FA5-A376-FDFB7726ADBA}.Debug|x64.ActiveCfg = Debug|x64
		{48EF9416-336F-4FA5-A376-FDFB7726ADBA}.Debug|x64.Build.0 = Debug|x64
		{48EF9416-336F-4FA5-A376-FDFB7726ADBA}.Release|Win32.ActiveCfg = Release|Win32
		{48EF9416-336F-4FA5-A376-FDFB7726ADBA}.Release|Win32.Build.0 = Release|Win32
		{48EF9416-336F-4FA5-A376-FDFB7726ADBA}.Release|x64.ActiveCfg = Release|x64
		{48EF9416-336F-4FA5-A376-FDFB7726ADBA}.Release|x64.Build.0 = Release|x64
		{64490115-464B-4DC3-B7C6-D0AF1B68B6F9}.Debug|Win32.ActiveCfg = Debug|Win32
		{64490115-464B-4DC3-B7C6-D0AF1B68B6F9}.Debug|Win32.Build.0 = Debug|Win32
		{64490115-464B-4DC3-B7C6-D0AF1B68B6F9}.Debug|x64.ActiveCfg = Debug|x64
		{64490115-464B-4DC3-B7C6-D0AF1B68B6F9}.Debug|x64.Build.0 = Debug|x64
		{64490115-464B-4DC3-B7C6-D0AF1B68B6F9}.Release|Win32.ActiveCfg = Release|Win32
		{64490115-464B-4DC3-B7C6-D0AF1B68B6F9}.Release|Win32.Build.0 = Release|Win32
		{64490115-464B-4DC3-B7C6-D0AF1B68B6F9}.Release|x64.ActiveCfg = Release|x64
		{64490115-464B-4DC3-B7C6-D0AF1B68B6F9}.Release|x64.Build.0 = Release|x64
		{541CF1D6-95FD-4499-AB02-75CCCEE660B0}.Debug|Win32.ActiveCfg = Debug|Win32
		{541CF1D6-95FD-4499-AB02-75CCCEE660B0}.Debug|Win32.Build.0 = Debug|Win32
		{541CF1D6-95FD-4499-AB02-75CCCEE660B0}.Debug|x64.ActiveCfg = Debug|x64
		{541CF1D6-95FD-4499-AB02-75CCCEE660B0}.Debug|x64.Build.0 = Debug|x64
		{541CF1D6-95FD-4499-AB02-75CCCEE660B0}.Release|Win32.ActiveCfg = Release|Win32
		{541CF1D6-95FD-4499-AB02-75CCCEE660B0}.Release|Win32.Build.0 = Release|Win32
		{541CF1D6-95FD-4499-AB02-75CCCEE660B0}.Release|x64.ActiveCfg = Release|x64
		{541CF1D6-95FD-4499-AB02-75CCCEE660B0}.Release|x64.Build.0 = Release|x64
		{369524F4-D374-44F4-BCFD-408934595701}.Debug|Win32.ActiveCfg = Debug|Win32
		{369524F4-D374-44F4-BCFD-408934595701}.Debug|Win32.Build.0 = Debug|Win32
		{369524F4-D374-44F4-BCFD-408934595701}.Debug|x64.ActiveCfg = Debug|x64
		{369524F4-D374-44F4-BCFD-408934595701}.Debug|x64.Build.0 = Debug|x64
		{369524F4-D374-44F4-BCFD-408934595701}.Release|Win32.ActiveCfg = Release|Win32
		{369524F4-D374-44F4-BCFD-408934595701}.Release|Win32.Build.0 = Release|Win32
		{369524F4-D374-44F4-BCFD-408934595701}.Release|x64.ActiveCfg = Release|x64
		{369524F4-D374-44F4-BCFD-408934595701}.Release|x64.Build.0 = Release|x64
		{1D6E8807-7C28-421F-B49E-BCB482FCB21D}.Debug|Win32.ActiveCfg = Debug|Win32
		{1D6E8807-7C28-421F-B49E-BCB482FCB21D}.Debug|Win32.Build.0 = Debug|Win32
		{1D6E8807-7C28-421F-B49E-BCB482FCB21D}.Debug|x64.ActiveCfg = Debug|x64
		{1D6E8807-7C28-421F-B49E-BCB482FCB21D}.Debug|x64.Build.0 = Debug|x64
		{1D6E8807-7C28-421F-B49E-BCB482FCB21D}.Release|Win32.ActiveCfg = Release|Win32
		{1D6E8807-7C28-421F-B49E-BCB482FCB21D}.Release|Win32.Build.0 = Release|Win32
		{1D6E8807-7C28-421F-B49E-BCB482FCB21D}.Release|x64.ActiveCfg = Release|x64
		{1D6E8807-7C28-421F-B49E-BCB482FCB21D}.Release|x64.Build.0 = Release|x64
		{A79E9EB0-878C-4EDB-9804-2D262D6008DB}.Debug|Win32.ActiveCfg = Debug|Win32
		{A79E9EB0-878C-4EDB-9804-2D262D6008DB}.Debug|Win32.Build.0 = Debug|Win32
		{A79E9EB0-878C-4EDB-9804-2D262D6008DB}.Debug|x64.ActiveCfg = Debug|x64
		{A79E9EB0-878C-4EDB-9804-2D262D6008DB}.Debug|x64.Build.0 = Debug|x64
		{A79E9EB0-878C-4EDB-9804-2D262D6008DB}.Release|Win32.ActiveCfg = Release|Win32
		{A79E9EB0-878C-4EDB-9804-2D262D6008DB}.Release|Win32.Build.0 = Release|Win32
		{A79E9EB0-878C-4EDB-9804-2D262D6008DB}.Release|x64.ActiveCfg = Release|x64
		{A79E9EB0-878C-4EDB-9804-2D262D6008DB}.Release|x64.Build.0 = Release|x64
		{773EA63E-40AE-45B8-82B4-82B54CF309F8}.Debug|Win32.ActiveCfg = Debug|Win32
		{773EA63E-40AE-45B8-82B4-82B54CF309F8}.Debug|Win32.Build.0 = Debug|Win32
		{773EA63E-40AE-45B8-82B4-82B54CF309F8}.Debug|x64.ActiveCfg = Debug|x64
		{773EA63E-40AE-45B8-82B4-82B54CF309F8}.Debug|x64.Build.0 = Debug|x64
		{773EA63E-40AE-45B8-82B4-82B54CF309F8}.Release|Win32.ActiveCfg = Release|Win32
		{773EA63E-40AE-45B8-82B4-82B54CF309F8}.Release|Win32.Build.0 = Release|Win32
		{773EA63E-40AE-45B8-82B4-82B54CF309F8}.Release|x64.ActiveCfg = Release|x64
		{773EA63E-40AE-45B8-82B4-82B54CF309F8}.Release|x64.Build.0 = Release|x64
		{BD2AC148-422F-49E0-9185-ACCBA7AECF26}.Debug|Win32.ActiveCfg = Debug|Win32
		{BD2AC148-422F-49E0-9185-ACCBA7AECF26}.Debug|Win32.Build.0 = Debug|Win32
		{BD2AC148-422F-49E0-9185-ACCBA7AECF26}.Debug|x64.ActiveCfg = Debug|x64
		{BD2AC148-422F-49E0-9185-ACCBA7AECF26}.Debug|x64.Build.0 = Debug|x64
		{BD2AC148-422F-49E0-9185-ACCBA7AECF26}.Release|Win32.ActiveCfg = Release|Win32
		{BD2AC148-422F-49E0-9185-ACCBA7AECF26}.Release|Win32.Build.0 = Release|Win32
		{BD2AC148-422F-49E0-9185-ACCBA7AECF26}.Release|x64.ActiveCfg = Release|x64
		{BD2AC148-422F-49E0-9185-ACCBA7AECF26}.Release|x64.Build.0 = Release|x64
		{85F74421-2B78-448B-91F0-496526EB365F}.Debug|Win32.ActiveCfg = Debug|Win32
		{85F74421-2B78-448B-91F0-496526EB365F}.Debug|Win32.Build.0 = Debug|Win32
		{85F74421-2B78-448B-91F0-496526EB365F}.Debug|x64.ActiveCfg = Debug|x64
		{85F74421-2B78-448B-91F0-496526EB365F}.Debug|x64.Build.0 = Debug|x64
		{85F74421-2B78-448B-91F0-496526EB365F}.Release|Win32.ActiveCfg = Release|Win32
		{85F74421-2B78-448B-91F0-496526EB365F}.Release|Win32.Build.0 = Release|Win32
		{85F74421-2B78-448B-91F0-496526EB365F}.Release|x64.ActiveCfg = Release|x64
		{85F74421-2B78-448B-91F0-496526EB365F}.Release|x64.Build.0 = Release|x64
	EndGlobalSection
	GlobalSection(SolutionProperties) = preSolution
		HideSolutionNode = FALSE
	EndGlobalSection
	GlobalSection(ExtensibilityGlobals) = postSolution
		SolutionGuid = {AAB39BE9-A7ED-4C54-80FE-D63A173ABB06}
	EndGlobalSection
EndGlobal
