<?xml version="1.0" encoding="utf-8"?>
<Project ToolsVersion="4.0" xmlns="http://schemas.microsoft.com/developer/msbuild/2003">
  <ItemGroup>
    <Filter Include="Header Files">
      <UniqueIdentifier>{050fca11-80d0-4277-ac89-dd6d7036f4c5}</UniqueIdentifier>
    </Filter>
    <Filter Include="Slice Files">
      <UniqueIdentifier>{932a406a-89ca-446d-85b3-9d82b5ebc473}</UniqueIdentifier>
      <Extensions>ice</Extensions>
    </Filter>
    <Filter Include="Source Files">
      <UniqueIdentifier>{eca85e2a-38b8-4765-bcb3-a0491a420542}</UniqueIdentifier>
    </Filter>
    <Filter Include="Source Files\x64">
      <UniqueIdentifier>{ba325bf9-bf66-4898-995e-013abfa8e906}</UniqueIdentifier>
    </Filter>
    <Filter Include="Source Files\x64\Cpp11-Debug">
      <UniqueIdentifier>{c737a579-b089-4ca9-b359-ae3ee7792fa0}</UniqueIdentifier>
    </Filter>
    <Filter Include="Header Files\x64">
      <UniqueIdentifier>{fe3f9513-3f2c-4c22-b8f1-a74add0e85cb}</UniqueIdentifier>
    </Filter>
    <Filter Include="Header Files\x64\Cpp11-Debug">
      <UniqueIdentifier>{589586e5-24e9-4ed9-a37b-f39f60d8297d}</UniqueIdentifier>
    </Filter>
    <Filter Include="Source Files\Win32">
      <UniqueIdentifier>{66b720a5-a40f-46b8-a29c-869048d0662b}</UniqueIdentifier>
    </Filter>
    <Filter Include="Source Files\Win32\Cpp11-Debug">
      <UniqueIdentifier>{2b8b1f7f-4981-4d21-b5d4-a72277aa7e69}</UniqueIdentifier>
    </Filter>
    <Filter Include="Header Files\Win32">
      <UniqueIdentifier>{b7923a64-66ea-4fbf-9895-bb5be3fc6fe2}</UniqueIdentifier>
    </Filter>
    <Filter Include="Header Files\Win32\Cpp11-Debug">
      <UniqueIdentifier>{b40cb531-05f8-4f28-8511-b39b5b8cf24c}</UniqueIdentifier>
    </Filter>
    <Filter Include="Source Files\x64\Debug">
      <UniqueIdentifier>{a8961d7a-4347-42ab-8609-44892024ea2e}</UniqueIdentifier>
    </Filter>
    <Filter Include="Header Files\x64\Debug">
      <UniqueIdentifier>{9e81a05e-4f19-4676-9d61-71983e83f779}</UniqueIdentifier>
    </Filter>
    <Filter Include="Source Files\Win32\Debug">
      <UniqueIdentifier>{498c36c5-8cb1-4922-bfc5-f1c244e790e6}</UniqueIdentifier>
    </Filter>
    <Filter Include="Header Files\Win32\Debug">
      <UniqueIdentifier>{1b076240-8a68-4afd-8bb6-1a434ae22a66}</UniqueIdentifier>
    </Filter>
    <Filter Include="Source Files\x64\Release">
      <UniqueIdentifier>{d9c0f658-6d82-4088-b070-375c7ed664a7}</UniqueIdentifier>
    </Filter>
    <Filter Include="Header Files\x64\Release">
      <UniqueIdentifier>{d3dcad39-a768-47bf-825d-ff7246fc007f}</UniqueIdentifier>
    </Filter>
    <Filter Include="Source Files\Win32\Release">
      <UniqueIdentifier>{8fe44fc5-4c96-4fd2-8938-b85470a4cf1b}</UniqueIdentifier>
    </Filter>
    <Filter Include="Header Files\Win32\Release">
      <UniqueIdentifier>{ae732f4c-f345-4853-868b-df529c51f026}</UniqueIdentifier>
    </Filter>
    <Filter Include="Source Files\x64\Cpp11-Release">
      <UniqueIdentifier>{0f5ee90e-8ba6-4dc0-b83d-65652062eaa7}</UniqueIdentifier>
    </Filter>
    <Filter Include="Header Files\x64\Cpp11-Release">
      <UniqueIdentifier>{3b26053e-bb7d-4ec6-946b-df22ef822918}</UniqueIdentifier>
    </Filter>
    <Filter Include="Source Files\Win32\Cpp11-Release">
      <UniqueIdentifier>{136b9b15-593c-4049-8164-a0c94781160c}</UniqueIdentifier>
    </Filter>
    <Filter Include="Header Files\Win32\Cpp11-Release">
      <UniqueIdentifier>{e486366a-b6eb-45f5-b1e2-66e1447fdd80}</UniqueIdentifier>
    </Filter>
  </ItemGroup>
  <ItemGroup>
    <ClCompile Include="..\..\Server.cpp">
      <Filter>Source Files</Filter>
    </ClCompile>
    <ClCompile Include="x64\Cpp11-Debug\Test.cpp">
      <Filter>Source Files\x64\Cpp11-Debug</Filter>
    </ClCompile>
    <ClCompile Include="Win32\Cpp11-Debug\Test.cpp">
      <Filter>Source Files\Win32\Cpp11-Debug</Filter>
    </ClCompile>
    <ClCompile Include="x64\Debug\Test.cpp">
      <Filter>Source Files\x64\Debug</Filter>
    </ClCompile>
    <ClCompile Include="Win32\Debug\Test.cpp">
      <Filter>Source Files\Win32\Debug</Filter>
    </ClCompile>
    <ClCompile Include="x64\Release\Test.cpp">
      <Filter>Source Files\x64\Release</Filter>
    </ClCompile>
    <ClCompile Include="Win32\Release\Test.cpp">
      <Filter>Source Files\Win32\Release</Filter>
    </ClCompile>
    <ClCompile Include="x64\Cpp11-Release\Test.cpp">
      <Filter>Source Files\x64\Cpp11-Release</Filter>
    </ClCompile>
    <ClCompile Include="Win32\Cpp11-Release\Test.cpp">
      <Filter>Source Files\Win32\Cpp11-Release</Filter>
    </ClCompile>
  </ItemGroup>
  <ItemGroup>
    <ClInclude Include="x64\Cpp11-Debug\Test.h">
      <Filter>Header Files\x64\Cpp11-Debug</Filter>
    </ClInclude>
    <ClInclude Include="Win32\Cpp11-Debug\Test.h">
      <Filter>Header Files\Win32\Cpp11-Debug</Filter>
    </ClInclude>
    <ClInclude Include="x64\Debug\Test.h">
      <Filter>Header Files\x64\Debug</Filter>
    </ClInclude>
    <ClInclude Include="Win32\Debug\Test.h">
      <Filter>Header Files\Win32\Debug</Filter>
    </ClInclude>
    <ClInclude Include="x64\Release\Test.h">
      <Filter>Header Files\x64\Release</Filter>
    </ClInclude>
    <ClInclude Include="Win32\Release\Test.h">
      <Filter>Header Files\Win32\Release</Filter>
    </ClInclude>
    <ClInclude Include="x64\Cpp11-Release\Test.h">
      <Filter>Header Files\x64\Cpp11-Release</Filter>
    </ClInclude>
    <ClInclude Include="Win32\Cpp11-Release\Test.h">
      <Filter>Header Files\Win32\Cpp11-Release</Filter>
    </ClInclude>
  </ItemGroup>
  <ItemGroup>
    <None Include="packages.config" />
  </ItemGroup>
  <ItemGroup>
    <SliceCompile Include="..\..\Test.ice">
      <Filter>Slice Files</Filter>
    </SliceCompile>
  </ItemGroup>
</Project>