<?xml version="1.0" encoding="utf-8"?>
<Project ToolsVersion="4.0" xmlns="http://schemas.microsoft.com/developer/msbuild/2003">
  <ItemGroup>
    <ClCompile Include="x64\Cpp11-Debug\Test.cpp">
      <Filter>Source Files\x64\Cpp11-Debug</Filter>
    </ClCompile>
    <ClCompile Include="Win32\Cpp11-Debug\Test.cpp">
      <Filter>Source Files\Win32\Cpp11-Debug</Filter>
    </ClCompile>
    <ClCompile Include="x64\Debug\Test.cpp">
      <Filter>Source Files\x64\Debug</Filter>
    </ClCompile>
    <ClCompile Include="Win32\Debug\Test.cpp">
      <Filter>Source Files\Win32\Debug</Filter>
    </ClCompile>
    <ClCompile Include="x64\Release\Test.cpp">
      <Filter>Source Files\x64\Release</Filter>
    </ClCompile>
    <ClCompile Include="Win32\Release\Test.cpp">
      <Filter>Source Files\Win32\Release</Filter>
    </ClCompile>
    <ClCompile Include="x64\Cpp11-Release\Test.cpp">
      <Filter>Source Files\x64\Cpp11-Release</Filter>
    </ClCompile>
    <ClCompile Include="Win32\Cpp11-Release\Test.cpp">
      <Filter>Source Files\Win32\Cpp11-Release</Filter>
    </ClCompile>
    <ClCompile Include="x64\Cpp11-Debug\ClientTypes.cpp">
      <Filter>Source Files\x64\Cpp11-Debug</Filter>
    </ClCompile>
    <ClCompile Include="Win32\Cpp11-Debug\ClientTypes.cpp">
      <Filter>Source Files\Win32\Cpp11-Debug</Filter>
    </ClCompile>
    <ClCompile Include="x64\Debug\ClientTypes.cpp">
      <Filter>Source Files\x64\Debug</Filter>
    </ClCompile>
    <ClCompile Include="Win32\Debug\ClientTypes.cpp">
      <Filter>Source Files\Win32\Debug</Filter>
    </ClCompile>
    <ClCompile Include="x64\Release\ClientTypes.cpp">
      <Filter>Source Files\x64\Release</Filter>
    </ClCompile>
    <ClCompile Include="Win32\Release\ClientTypes.cpp">
      <Filter>Source Files\Win32\Release</Filter>
    </ClCompile>
    <ClCompile Include="x64\Cpp11-Release\ClientTypes.cpp">
      <Filter>Source Files\x64\Cpp11-Release</Filter>
    </ClCompile>
    <ClCompile Include="Win32\Cpp11-Release\ClientTypes.cpp">
      <Filter>Source Files\Win32\Cpp11-Release</Filter>
    </ClCompile>
    <ClCompile Include="..\..\AllTests.cpp">
      <Filter>Source Files</Filter>
    </ClCompile>
    <ClCompile Include="..\..\Client.cpp">
      <Filter>Source Files</Filter>
    </ClCompile>
  </ItemGroup>
  <ItemGroup>
    <Filter Include="Header Files">
      <UniqueIdentifier>{05d6e14c-a5ff-4933-96c1-08be8c3517ea}</UniqueIdentifier>
    </Filter>
    <Filter Include="Source Files">
      <UniqueIdentifier>{44ef11ea-da16-44e5-afdb-6fddc93115cc}</UniqueIdentifier>
    </Filter>
    <Filter Include="Slice Files">
      <UniqueIdentifier>{e9b70026-1724-4054-999b-b95fa460889f}</UniqueIdentifier>
      <Extensions>ice</Extensions>
    </Filter>
    <Filter Include="Source Files\x64">
      <UniqueIdentifier>{635917ae-7a49-479c-b21c-a60c13b72f54}</UniqueIdentifier>
    </Filter>
    <Filter Include="Source Files\x64\Cpp11-Debug">
      <UniqueIdentifier>{bb5799d1-8458-466c-b7d8-e0b962d2e426}</UniqueIdentifier>
    </Filter>
    <Filter Include="Header Files\x64">
      <UniqueIdentifier>{434a357d-c2de-4b04-889a-5edd2d15a793}</UniqueIdentifier>
    </Filter>
    <Filter Include="Header Files\x64\Cpp11-Debug">
      <UniqueIdentifier>{ae96b6f3-aed3-4602-af35-e90a8f2b8ec2}</UniqueIdentifier>
    </Filter>
    <Filter Include="Source Files\Win32">
      <UniqueIdentifier>{60b451c8-d968-4d08-a7fb-e7bb6a2767fa}</UniqueIdentifier>
    </Filter>
    <Filter Include="Source Files\Win32\Cpp11-Debug">
      <UniqueIdentifier>{89202ba5-f656-47e5-8909-77a938da8078}</UniqueIdentifier>
    </Filter>
    <Filter Include="Header Files\Win32">
      <UniqueIdentifier>{0a597617-0f48-4671-9f41-d6ac61cc6a83}</UniqueIdentifier>
    </Filter>
    <Filter Include="Header Files\Win32\Cpp11-Debug">
      <UniqueIdentifier>{557a6551-eaa5-4cd6-8c1f-357d6af00bd9}</UniqueIdentifier>
    </Filter>
    <Filter Include="Source Files\x64\Debug">
      <UniqueIdentifier>{92318889-12a3-43ab-b944-285d7ef3f952}</UniqueIdentifier>
    </Filter>
    <Filter Include="Header Files\x64\Debug">
      <UniqueIdentifier>{0c0e4597-817c-4b25-81d1-59146d606819}</UniqueIdentifier>
    </Filter>
    <Filter Include="Source Files\Win32\Debug">
      <UniqueIdentifier>{7fa86bcb-05ba-4e6f-a8c5-148105de54a4}</UniqueIdentifier>
    </Filter>
    <Filter Include="Header Files\Win32\Debug">
      <UniqueIdentifier>{ecf96160-6541-4443-be93-72bfbd78dcef}</UniqueIdentifier>
    </Filter>
    <Filter Include="Source Files\x64\Release">
      <UniqueIdentifier>{0544d0f1-5b02-47e5-8184-557552c33f24}</UniqueIdentifier>
    </Filter>
    <Filter Include="Header Files\x64\Release">
      <UniqueIdentifier>{29bbe293-a44e-4686-8aa3-415f17433652}</UniqueIdentifier>
    </Filter>
    <Filter Include="Source Files\Win32\Release">
      <UniqueIdentifier>{335b62bc-7aeb-4fc0-9409-8b4652c55c70}</UniqueIdentifier>
    </Filter>
    <Filter Include="Header Files\Win32\Release">
      <UniqueIdentifier>{e40be86a-2d80-4236-a007-948ca205699f}</UniqueIdentifier>
    </Filter>
    <Filter Include="Source Files\x64\Cpp11-Release">
      <UniqueIdentifier>{df101639-61a3-4938-bf58-066ab36f3a35}</UniqueIdentifier>
    </Filter>
    <Filter Include="Header Files\x64\Cpp11-Release">
      <UniqueIdentifier>{e6e12fc5-8f07-4dcc-be5e-2df482a07ac9}</UniqueIdentifier>
    </Filter>
    <Filter Include="Source Files\Win32\Cpp11-Release">
      <UniqueIdentifier>{61ab166f-5639-4744-a6b4-9a40d61c07ce}</UniqueIdentifier>
    </Filter>
    <Filter Include="Header Files\Win32\Cpp11-Release">
      <UniqueIdentifier>{51b1cf9a-e275-4240-b767-8593e8fd98c1}</UniqueIdentifier>
    </Filter>
  </ItemGroup>
  <ItemGroup>
    <IceBuilder Include="..\..\ClientTypes.ice">
      <Filter>Slice Files</Filter>
    </IceBuilder>
    <IceBuilder Include="..\..\Test.ice">
      <Filter>Slice Files</Filter>
    </IceBuilder>
  </ItemGroup>
  <ItemGroup>
    <ClInclude Include="x64\Cpp11-Debug\Test.h">
      <Filter>Header Files\x64\Cpp11-Debug</Filter>
    </ClInclude>
    <ClInclude Include="Win32\Cpp11-Debug\Test.h">
      <Filter>Header Files\Win32\Cpp11-Debug</Filter>
    </ClInclude>
    <ClInclude Include="x64\Debug\Test.h">
      <Filter>Header Files\x64\Debug</Filter>
    </ClInclude>
    <ClInclude Include="Win32\Debug\Test.h">
      <Filter>Header Files\Win32\Debug</Filter>
    </ClInclude>
    <ClInclude Include="x64\Release\Test.h">
      <Filter>Header Files\x64\Release</Filter>
    </ClInclude>
    <ClInclude Include="Win32\Release\Test.h">
      <Filter>Header Files\Win32\Release</Filter>
    </ClInclude>
    <ClInclude Include="x64\Cpp11-Release\Test.h">
      <Filter>Header Files\x64\Cpp11-Release</Filter>
    </ClInclude>
    <ClInclude Include="Win32\Cpp11-Release\Test.h">
      <Filter>Header Files\Win32\Cpp11-Release</Filter>
    </ClInclude>
    <ClInclude Include="x64\Cpp11-Debug\ClientTypes.h">
      <Filter>Header Files\x64\Cpp11-Debug</Filter>
    </ClInclude>
    <ClInclude Include="Win32\Cpp11-Debug\ClientTypes.h">
      <Filter>Header Files\Win32\Cpp11-Debug</Filter>
    </ClInclude>
    <ClInclude Include="x64\Debug\ClientTypes.h">
      <Filter>Header Files\x64\Debug</Filter>
    </ClInclude>
    <ClInclude Include="Win32\Debug\ClientTypes.h">
      <Filter>Header Files\Win32\Debug</Filter>
    </ClInclude>
    <ClInclude Include="x64\Release\ClientTypes.h">
      <Filter>Header Files\x64\Release</Filter>
    </ClInclude>
    <ClInclude Include="Win32\Release\ClientTypes.h">
      <Filter>Header Files\Win32\Release</Filter>
    </ClInclude>
    <ClInclude Include="x64\Cpp11-Release\ClientTypes.h">
      <Filter>Header Files\x64\Cpp11-Release</Filter>
    </ClInclude>
    <ClInclude Include="Win32\Cpp11-Release\ClientTypes.h">
      <Filter>Header Files\Win32\Cpp11-Release</Filter>
    </ClInclude>
  </ItemGroup>
  <ItemGroup>
    <None Include="packages.config" />
  </ItemGroup>
</Project>