<?xml version="1.0" encoding="utf-8"?>
<Project ToolsVersion="4.0" xmlns="http://schemas.microsoft.com/developer/msbuild/2003">
  <ItemGroup>
    <ClCompile Include="..\..\..\ServerAMD.cpp">
      <Filter>Source Files</Filter>
    </ClCompile>
    <ClCompile Include="..\..\..\TestAMDI.cpp">
      <Filter>Source Files</Filter>
    </ClCompile>
    <ClCompile Include="Win32\Debug\TestAMD.cpp">
      <Filter>Source Files\Win32\Debug</Filter>
    </ClCompile>
    <ClCompile Include="ARM\Debug\TestAMD.cpp">
      <Filter>Source Files\ARM\Debug</Filter>
    </ClCompile>
    <ClCompile Include="x64\Debug\TestAMD.cpp">
      <Filter>Source Files\x64\Debug</Filter>
    </ClCompile>
    <ClCompile Include="Win32\Release\TestAMD.cpp">
      <Filter>Source Files\Win32\Release</Filter>
    </ClCompile>
    <ClCompile Include="ARM\Release\TestAMD.cpp">
      <Filter>Source Files\ARM\Release</Filter>
    </ClCompile>
    <ClCompile Include="x64\Release\TestAMD.cpp">
      <Filter>Source Files\x64\Release</Filter>
    </ClCompile>
  </ItemGroup>
  <ItemGroup>
    <Filter Include="Header Files">
      <UniqueIdentifier>{86a794f6-99a1-4f29-822d-9e50263d4ae1}</UniqueIdentifier>
    </Filter>
    <Filter Include="Source Files">
      <UniqueIdentifier>{66c101cd-d38d-43b2-bb96-32bc0c105ca4}</UniqueIdentifier>
    </Filter>
    <Filter Include="Slice Files">
      <UniqueIdentifier>{55d2a005-2329-44eb-8c8d-2c480a3c6676}</UniqueIdentifier>
      <Extensions>ice</Extensions>
    </Filter>
    <Filter Include="Source Files\Win32">
      <UniqueIdentifier>{776db924-3bab-4b2b-9d8a-8710dd49fd3e}</UniqueIdentifier>
    </Filter>
    <Filter Include="Source Files\Win32\Debug">
      <UniqueIdentifier>{1422d644-176d-4198-8e79-8199d5b7d358}</UniqueIdentifier>
    </Filter>
    <Filter Include="Header Files\Win32">
      <UniqueIdentifier>{41386758-4400-4fd3-9e06-ff1ed2569963}</UniqueIdentifier>
    </Filter>
    <Filter Include="Header Files\Win32\Debug">
      <UniqueIdentifier>{8988387f-87e3-4fd9-b233-7b6c68c4e201}</UniqueIdentifier>
    </Filter>
    <Filter Include="Source Files\ARM">
      <UniqueIdentifier>{af441bb8-f800-4511-a4e7-f15a924e3675}</UniqueIdentifier>
    </Filter>
    <Filter Include="Source Files\ARM\Debug">
      <UniqueIdentifier>{897fe22b-47f0-4351-ba28-72079b652cce}</UniqueIdentifier>
    </Filter>
    <Filter Include="Header Files\ARM">
      <UniqueIdentifier>{8fb782a9-0211-4088-9f43-080e52e7d0d2}</UniqueIdentifier>
    </Filter>
    <Filter Include="Header Files\ARM\Debug">
      <UniqueIdentifier>{8cf4de47-1695-411d-8f08-5ccc48ce3a1b}</UniqueIdentifier>
    </Filter>
    <Filter Include="Source Files\x64">
      <UniqueIdentifier>{3f1b8a6e-ed94-40df-9e58-c1b82deb06bc}</UniqueIdentifier>
    </Filter>
    <Filter Include="Source Files\x64\Debug">
      <UniqueIdentifier>{6a788a91-ad37-403e-ba51-29f73d404a86}</UniqueIdentifier>
    </Filter>
    <Filter Include="Header Files\x64">
      <UniqueIdentifier>{99a40dc4-c099-4e02-8ba7-d7d207be526d}</UniqueIdentifier>
    </Filter>
    <Filter Include="Header Files\x64\Debug">
      <UniqueIdentifier>{942e16ee-5345-46b6-a700-e55bec6d4bc3}</UniqueIdentifier>
    </Filter>
    <Filter Include="Source Files\Win32\Release">
      <UniqueIdentifier>{e6cfe294-641e-4dfa-89bb-ca0facabdf59}</UniqueIdentifier>
    </Filter>
    <Filter Include="Header Files\Win32\Release">
      <UniqueIdentifier>{ad9c4466-80d8-4623-af84-4367f77f3b45}</UniqueIdentifier>
    </Filter>
    <Filter Include="Source Files\ARM\Release">
      <UniqueIdentifier>{0e319300-4c39-4396-8b18-b3570de733f0}</UniqueIdentifier>
    </Filter>
    <Filter Include="Header Files\ARM\Release">
      <UniqueIdentifier>{84b91d01-f7f2-4011-9493-ea8436509dc0}</UniqueIdentifier>
    </Filter>
    <Filter Include="Source Files\x64\Release">
      <UniqueIdentifier>{890d8393-8b2f-46c0-aaee-6cc4cac58a62}</UniqueIdentifier>
    </Filter>
    <Filter Include="Header Files\x64\Release">
      <UniqueIdentifier>{4da39152-c568-44ba-b9a0-26ed05960eed}</UniqueIdentifier>
    </Filter>
  </ItemGroup>
  <ItemGroup>
    <ClInclude Include="..\..\..\TestAMDI.h">
      <Filter>Header Files</Filter>
    </ClInclude>
    <ClInclude Include="Win32\Debug\TestAMD.h">
      <Filter>Header Files\Win32\Debug</Filter>
    </ClInclude>
    <ClInclude Include="ARM\Debug\TestAMD.h">
      <Filter>Header Files\ARM\Debug</Filter>
    </ClInclude>
    <ClInclude Include="x64\Debug\TestAMD.h">
      <Filter>Header Files\x64\Debug</Filter>
    </ClInclude>
    <ClInclude Include="Win32\Release\TestAMD.h">
      <Filter>Header Files\Win32\Release</Filter>
    </ClInclude>
    <ClInclude Include="ARM\Release\TestAMD.h">
      <Filter>Header Files\ARM\Release</Filter>
    </ClInclude>
    <ClInclude Include="x64\Release\TestAMD.h">
      <Filter>Header Files\x64\Release</Filter>
    </ClInclude>
  </ItemGroup>
  <ItemGroup>
    <None Include="packages.config" />
  </ItemGroup>
  <ItemGroup>
    <SliceCompile Include="..\..\..\TestAMD.ice">
      <Filter>Slice Files</Filter>
    </SliceCompile>
  </ItemGroup>
</Project>