<?xml version="1.0" encoding="utf-8"?>
<Project ToolsVersion="4.0" xmlns="http://schemas.microsoft.com/developer/msbuild/2003">
  <ItemGroup>
    <ClCompile Include="..\..\Server.cpp">
      <Filter>Source Files</Filter>
    </ClCompile>
    <ClCompile Include="..\..\TestI.cpp">
      <Filter>Source Files</Filter>
    </ClCompile>
    <ClCompile Include="x64\Debug\Test.cpp">
      <Filter>Source Files\x64\Debug</Filter>
    </ClCompile>
    <ClCompile Include="Win32\Debug\Test.cpp">
      <Filter>Source Files\Win32\Debug</Filter>
    </ClCompile>
    <ClCompile Include="x64\Release\Test.cpp">
      <Filter>Source Files\x64\Release</Filter>
    </ClCompile>
    <ClCompile Include="Win32\Release\Test.cpp">
      <Filter>Source Files\Win32\Release</Filter>
    </ClCompile>
  </ItemGroup>
  <ItemGroup>
    <Filter Include="Header Files">
      <UniqueIdentifier>{c86ab3c5-c010-4c90-a704-ba1f81189441}</UniqueIdentifier>
    </Filter>
    <Filter Include="Source Files">
      <UniqueIdentifier>{b58adcbc-ac6f-4bef-869d-71aa1d02b5c2}</UniqueIdentifier>
    </Filter>
    <Filter Include="Slice Files">
      <UniqueIdentifier>{d75d7a36-4664-4191-9f49-72f7554953b5}</UniqueIdentifier>
      <Extensions>ice</Extensions>
    </Filter>
    <Filter Include="Source Files\x64">
      <UniqueIdentifier>{30f8b76a-834d-4ea2-a393-300b24e8c81c}</UniqueIdentifier>
    </Filter>
    <Filter Include="Header Files\x64">
      <UniqueIdentifier>{ade66564-0aa4-4905-bc1e-b6c348e56d84}</UniqueIdentifier>
    </Filter>
    <Filter Include="Source Files\Win32">
      <UniqueIdentifier>{342cd629-6d29-406c-9a31-1a20e83dc4b6}</UniqueIdentifier>
    </Filter>
    <Filter Include="Header Files\Win32">
      <UniqueIdentifier>{582d905b-1064-4c7d-8e16-77abf7609d8a}</UniqueIdentifier>
    </Filter>
    <Filter Include="Source Files\x64\Debug">
      <UniqueIdentifier>{a3fc9ea4-ca98-4b58-a272-14b6b70a995d}</UniqueIdentifier>
    </Filter>
    <Filter Include="Header Files\x64\Debug">
      <UniqueIdentifier>{cd049bb7-f923-4124-b00a-93f3f90b085a}</UniqueIdentifier>
    </Filter>
    <Filter Include="Source Files\Win32\Debug">
      <UniqueIdentifier>{788f6dfc-4ace-48b0-9fb8-e9ebaada7861}</UniqueIdentifier>
    </Filter>
    <Filter Include="Header Files\Win32\Debug">
      <UniqueIdentifier>{5e74af0f-ec72-4c60-accd-3260dc8807bd}</UniqueIdentifier>
    </Filter>
    <Filter Include="Source Files\x64\Release">
      <UniqueIdentifier>{38a9ce59-ad68-412f-bef7-532a13963f9e}</UniqueIdentifier>
    </Filter>
    <Filter Include="Header Files\x64\Release">
      <UniqueIdentifier>{c1624392-f780-4b4e-aeae-fa9a77ad4b04}</UniqueIdentifier>
    </Filter>
    <Filter Include="Source Files\Win32\Release">
      <UniqueIdentifier>{0c969305-f9df-4024-b2a6-add5f9c34c62}</UniqueIdentifier>
    </Filter>
    <Filter Include="Header Files\Win32\Release">
      <UniqueIdentifier>{c89e1d27-7010-47e1-9c22-2f172e1293ef}</UniqueIdentifier>
    </Filter>
  </ItemGroup>
  <ItemGroup>
    <ClInclude Include="..\..\TestI.h">
      <Filter>Header Files</Filter>
    </ClInclude>
    <ClInclude Include="x64\Debug\Test.h">
      <Filter>Header Files\x64\Debug</Filter>
    </ClInclude>
    <ClInclude Include="Win32\Debug\Test.h">
      <Filter>Header Files\Win32\Debug</Filter>
    </ClInclude>
    <ClInclude Include="x64\Release\Test.h">
      <Filter>Header Files\x64\Release</Filter>
    </ClInclude>
    <ClInclude Include="Win32\Release\Test.h">
      <Filter>Header Files\Win32\Release</Filter>
    </ClInclude>
  </ItemGroup>
  <ItemGroup>
    <SliceCompile Include="..\..\Test.ice">
      <Filter>Slice Files</Filter>
    </SliceCompile>
  </ItemGroup>
</Project>