<?xml version="1.0" encoding="utf-8"?>
<Project ToolsVersion="4.0" xmlns="http://schemas.microsoft.com/developer/msbuild/2003">
  <ItemGroup>
    <ClCompile Include="..\..\..\AllTests.cpp">
      <Filter>Source Files</Filter>
    </ClCompile>
    <ClCompile Include="..\..\..\Collocated.cpp">
      <Filter>Source Files</Filter>
    </ClCompile>
    <ClCompile Include="..\..\..\TestI.cpp">
      <Filter>Source Files</Filter>
    </ClCompile>
    <ClCompile Include="Win32\Debug\Test.cpp">
      <Filter>Source Files\Win32\Debug</Filter>
    </ClCompile>
    <ClCompile Include="ARM\Debug\Test.cpp">
      <Filter>Source Files\ARM\Debug</Filter>
    </ClCompile>
    <ClCompile Include="x64\Debug\Test.cpp">
      <Filter>Source Files\x64\Debug</Filter>
    </ClCompile>
    <ClCompile Include="Win32\Release\Test.cpp">
      <Filter>Source Files\Win32\Release</Filter>
    </ClCompile>
    <ClCompile Include="ARM\Release\Test.cpp">
      <Filter>Source Files\ARM\Release</Filter>
    </ClCompile>
    <ClCompile Include="x64\Release\Test.cpp">
      <Filter>Source Files\x64\Release</Filter>
    </ClCompile>
  </ItemGroup>
  <ItemGroup>
    <Filter Include="Source Files">
      <UniqueIdentifier>{876c3a02-6df9-423a-9e3d-b0ceda19e60b}</UniqueIdentifier>
    </Filter>
    <Filter Include="Header Files">
      <UniqueIdentifier>{15439a6a-b00e-4b25-a5c7-7c4371eb3b4d}</UniqueIdentifier>
    </Filter>
    <Filter Include="Slice Files">
      <UniqueIdentifier>{4ed4c270-03f0-4d26-aa02-be0e19a7c497}</UniqueIdentifier>
      <Extensions>ice</Extensions>
    </Filter>
    <Filter Include="Source Files\Win32">
      <UniqueIdentifier>{35803340-fea6-4f2f-90ae-70ae8c5633f4}</UniqueIdentifier>
    </Filter>
    <Filter Include="Source Files\Win32\Debug">
      <UniqueIdentifier>{d729c54e-a7d7-4779-aaf1-28c4ca2015c3}</UniqueIdentifier>
    </Filter>
    <Filter Include="Header Files\Win32">
      <UniqueIdentifier>{cd465f82-179f-4c8f-bf7c-29f163e49b2f}</UniqueIdentifier>
    </Filter>
    <Filter Include="Header Files\Win32\Debug">
      <UniqueIdentifier>{4306fdd2-3be4-4ded-9aeb-9224fdc100a3}</UniqueIdentifier>
    </Filter>
    <Filter Include="Source Files\ARM">
      <UniqueIdentifier>{feb68f53-600a-4546-b35e-55999dbd78fa}</UniqueIdentifier>
    </Filter>
    <Filter Include="Source Files\ARM\Debug">
      <UniqueIdentifier>{d5aba9b4-29a4-4019-bad3-712a572418a0}</UniqueIdentifier>
    </Filter>
    <Filter Include="Header Files\ARM">
      <UniqueIdentifier>{87e71e20-b8b2-4f60-a707-4e7c7431fdfb}</UniqueIdentifier>
    </Filter>
    <Filter Include="Header Files\ARM\Debug">
      <UniqueIdentifier>{1d17e2d8-1271-4a6a-86c3-1be3a312b981}</UniqueIdentifier>
    </Filter>
    <Filter Include="Source Files\x64">
      <UniqueIdentifier>{60a631f5-8fd9-45d8-9cdd-de4b3c88a39a}</UniqueIdentifier>
    </Filter>
    <Filter Include="Source Files\x64\Debug">
      <UniqueIdentifier>{8abc990d-f9e5-4686-97af-670c4e9e6d2e}</UniqueIdentifier>
    </Filter>
    <Filter Include="Header Files\x64">
      <UniqueIdentifier>{7567a564-c158-4a5b-828b-97780b891bcf}</UniqueIdentifier>
    </Filter>
    <Filter Include="Header Files\x64\Debug">
      <UniqueIdentifier>{42167ba6-d889-4f4f-817c-acaf6ab9cf24}</UniqueIdentifier>
    </Filter>
    <Filter Include="Source Files\Win32\Release">
      <UniqueIdentifier>{2ce0f495-cc3b-4c94-98d3-fb797012ac1a}</UniqueIdentifier>
    </Filter>
    <Filter Include="Header Files\Win32\Release">
      <UniqueIdentifier>{6dc81bea-4c83-42c7-9c85-d4dc8c305b61}</UniqueIdentifier>
    </Filter>
    <Filter Include="Source Files\ARM\Release">
      <UniqueIdentifier>{1f2d00ca-dabb-4d40-8e6e-acc18034c589}</UniqueIdentifier>
    </Filter>
    <Filter Include="Header Files\ARM\Release">
      <UniqueIdentifier>{62a1ad66-842c-4be0-a574-795666445094}</UniqueIdentifier>
    </Filter>
    <Filter Include="Source Files\x64\Release">
      <UniqueIdentifier>{35fe16c4-f060-4388-b12e-a2fd193da9f5}</UniqueIdentifier>
    </Filter>
    <Filter Include="Header Files\x64\Release">
      <UniqueIdentifier>{45611474-f435-49cf-b84b-72836b6fec62}</UniqueIdentifier>
    </Filter>
  </ItemGroup>
  <ItemGroup>
    <ClInclude Include="..\..\..\TestI.h">
      <Filter>Header Files</Filter>
    </ClInclude>
    <ClInclude Include="Win32\Debug\Test.h">
      <Filter>Header Files\Win32\Debug</Filter>
    </ClInclude>
    <ClInclude Include="ARM\Debug\Test.h">
      <Filter>Header Files\ARM\Debug</Filter>
    </ClInclude>
    <ClInclude Include="x64\Debug\Test.h">
      <Filter>Header Files\x64\Debug</Filter>
    </ClInclude>
    <ClInclude Include="Win32\Release\Test.h">
      <Filter>Header Files\Win32\Release</Filter>
    </ClInclude>
    <ClInclude Include="ARM\Release\Test.h">
      <Filter>Header Files\ARM\Release</Filter>
    </ClInclude>
    <ClInclude Include="x64\Release\Test.h">
      <Filter>Header Files\x64\Release</Filter>
    </ClInclude>
  </ItemGroup>
  <ItemGroup>
    <None Include="packages.config" />
  </ItemGroup>
  <ItemGroup>
    <SliceCompile Include="..\..\..\Test.ice">
      <Filter>Slice Files</Filter>
    </SliceCompile>
  </ItemGroup>
</Project>