Microsoft Visual Studio Solution File, Format Version 8.00
Project("{FAE04EC0-301F-11D3-BF4B-00C04F79EFBC}") = "callbackCD", "Ice\callback\callbackCD.csproj", "{DD2D44C1-E67A-4142-8B52-4C15463BF13E}"
	ProjectSection(ProjectDependencies) = postProject
	EndProjectSection
EndProject
Project("{FAE04EC0-301F-11D3-BF4B-00C04F79EFBC}") = "callbackSD", "Ice\callback\callbackSD.csproj", "{61A697D5-36BB-4B00-88A7-E4A1C0034B66}"
	ProjectSection(ProjectDependencies) = postProject
	EndProjectSection
EndProject
Project("{FAE04EC0-301F-11D3-BF4B-00C04F79EFBC}") = "helloCD", "Ice\hello\helloCD.csproj", "{228B2AFC-57DC-4E1F-8335-D0CD657A987B}"
	ProjectSection(ProjectDependencies) = postProject
	EndProjectSection
EndProject
Project("{FAE04EC0-301F-11D3-BF4B-00C04F79EFBC}") = "helloSD", "Ice\hello\helloSD.csproj", "{0B41ADFF-7802-4A36-8374-C32DE33B0290}"
	ProjectSection(ProjectDependencies) = postProject
	EndProjectSection
EndProject
Project("{FAE04EC0-301F-11D3-BF4B-00C04F79EFBC}") = "latencyCD", "Ice\latency\latencyCD.csproj", "{7ED53E0A-4E93-42CA-AE8E-BB97AAFCF579}"
	ProjectSection(ProjectDependencies) = postProject
	EndProjectSection
EndProject
Project("{FAE04EC0-301F-11D3-BF4B-00C04F79EFBC}") = "latencySD", "Ice\latency\latencySD.csproj", "{BE103A1D-3AA6-40F6-BE0E-34AC909207EA}"
	ProjectSection(ProjectDependencies) = postProject
	EndProjectSection
EndProject
Project("{FAE04EC0-301F-11D3-BF4B-00C04F79EFBC}") = "nestedCD", "Ice\nested\nestedCD.csproj", "{2F6A2DC8-0F08-44A9-98E6-EB0C3525CA59}"
	ProjectSection(ProjectDependencies) = postProject
	EndProjectSection
EndProject
Project("{FAE04EC0-301F-11D3-BF4B-00C04F79EFBC}") = "nestedSD", "Ice\nested\nestedSD.csproj", "{871F0301-D864-420C-A859-5711F00078A9}"
	ProjectSection(ProjectDependencies) = postProject
	EndProjectSection
EndProject
Project("{FAE04EC0-301F-11D3-BF4B-00C04F79EFBC}") = "throughputCD", "Ice\throughput\throughputCD.csproj", "{AEEFC3E3-7ADB-4764-8B26-E48E968C3252}"
	ProjectSection(ProjectDependencies) = postProject
	EndProjectSection
EndProject
Project("{FAE04EC0-301F-11D3-BF4B-00C04F79EFBC}") = "throughputSD", "Ice\throughput\throughputSD.csproj", "{092EBA96-7E30-49BE-96D3-B3F78F7E0CDE}"
	ProjectSection(ProjectDependencies) = postProject
	EndProjectSection
EndProject
Project("{FAE04EC0-301F-11D3-BF4B-00C04F79EFBC}") = "valueCD", "Ice\value\valueCD.csproj", "{09767289-E658-49F2-ADD6-2EB467328E6F}"
	ProjectSection(ProjectDependencies) = postProject
	EndProjectSection
EndProject
Project("{FAE04EC0-301F-11D3-BF4B-00C04F79EFBC}") = "valueSD", "Ice\value\valueSD.csproj", "{0E78B6EA-2CDF-401A-BC2D-364E44A46636}"
	ProjectSection(ProjectDependencies) = postProject
	EndProjectSection
EndProject
Project("{FAE04EC0-301F-11D3-BF4B-00C04F79EFBC}") = "printerCD", "book\printer\printerCD.csproj", "{B48255A1-FF6B-4A45-AA80-E4149A75393D}"
	ProjectSection(ProjectDependencies) = postProject
	EndProjectSection
EndProject
Project("{FAE04EC0-301F-11D3-BF4B-00C04F79EFBC}") = "printerSD", "book\printer\printerSD.csproj", "{2374126D-F982-4E2F-B9F3-278F8B38A310}"
	ProjectSection(ProjectDependencies) = postProject
	EndProjectSection
EndProject
Project("{FAE04EC0-301F-11D3-BF4B-00C04F79EFBC}") = "simpleFSCD", "book\simple_filesystem\simpleFSCD.csproj", "{2E01BB07-5E3A-4563-AE3B-C357672BEEF7}"
	ProjectSection(ProjectDependencies) = postProject
	EndProjectSection
EndProject
Project("{FAE04EC0-301F-11D3-BF4B-00C04F79EFBC}") = "simpleFSSD", "book\simple_filesystem\simpleFSSD.csproj", "{ECF4A31E-8545-4A9D-ADC2-2020E53C9B46}"
	ProjectSection(ProjectDependencies) = postProject
	EndProjectSection
EndProject
Project("{FAE04EC0-301F-11D3-BF4B-00C04F79EFBC}") = "invokeCD", "Ice\invoke\invokeCD.csproj", "{64B7BE89-5E04-44B9-90F6-C040FB9111EA}"
	ProjectSection(ProjectDependencies) = postProject
	EndProjectSection
EndProject
Project("{FAE04EC0-301F-11D3-BF4B-00C04F79EFBC}") = "invokeSD", "Ice\invoke\invokeSD.csproj", "{CB1ADC6B-02F0-4470-A97B-A8F3AFF39581}"
	ProjectSection(ProjectDependencies) = postProject
	EndProjectSection
EndProject
Project("{FAE04EC0-301F-11D3-BF4B-00C04F79EFBC}") = "bidirCD", "Ice\bidir\bidirCD.csproj", "{8707D8A6-5B7F-4DAB-9619-E18ABB2D9966}"
	ProjectSection(ProjectDependencies) = postProject
	EndProjectSection
EndProject
Project("{FAE04EC0-301F-11D3-BF4B-00C04F79EFBC}") = "bidirSD", "Ice\bidir\bidirSD.csproj", "{F0D08374-2E49-4B47-BD72-0FA5E75804DD}"
	ProjectSection(ProjectDependencies) = postProject
	EndProjectSection
EndProject
Project("{FAE04EC0-301F-11D3-BF4B-00C04F79EFBC}") = "glacier2callbackCD", "Glacier2\callback\glacier2callbackCD.csproj", "{2AC78A13-497B-44B1-8BF0-156877B78293}"
	ProjectSection(ProjectDependencies) = postProject
	EndProjectSection
EndProject
Project("{FAE04EC0-301F-11D3-BF4B-00C04F79EFBC}") = "glacier2callbackSD", "Glacier2\callback\glacier2callbackSD.csproj", "{E0C03A3C-1504-49B6-9C20-9B96DF17649E}"
	ProjectSection(ProjectDependencies) = postProject
	EndProjectSection
EndProject
Project("{FAE04EC0-301F-11D3-BF4B-00C04F79EFBC}") = "glacier2callbackSSD", "Glacier2\callback\glacier2callbackSSD.csproj", "{B41A6B60-9582-4814-9291-4758BEF1E9CC}"
	ProjectSection(ProjectDependencies) = postProject
	EndProjectSection
EndProject
Project("{FAE04EC0-301F-11D3-BF4B-00C04F79EFBC}") = "sessionCD", "Ice\session\sessionCD.csproj", "{C735D2B4-548E-4B46-BA4A-B081EFB728AA}"
	ProjectSection(ProjectDependencies) = postProject
	EndProjectSection
EndProject
Project("{FAE04EC0-301F-11D3-BF4B-00C04F79EFBC}") = "sessionSD", "Ice\session\sessionSD.csproj", "{2CF08DDA-0F0A-4B88-8ECF-E5CA54EAA765}"
	ProjectSection(ProjectDependencies) = postProject
	EndProjectSection
EndProject
Project("{FAE04EC0-301F-11D3-BF4B-00C04F79EFBC}") = "minimalCD", "Ice\minimal\minimalCD.csproj", "{42262F9A-0F9D-48BE-B6C7-E4D458B1A6B3}"
	ProjectSection(ProjectDependencies) = postProject
	EndProjectSection
EndProject
Project("{FAE04EC0-301F-11D3-BF4B-00C04F79EFBC}") = "minimalSD", "Ice\minimal\minimalSD.csproj", "{8AD1BBF9-2E4E-4801-82C5-BD5AE86D9E2A}"
	ProjectSection(ProjectDependencies) = postProject
	EndProjectSection
EndProject
Project("{FAE04EC0-301F-11D3-BF4B-00C04F79EFBC}") = "helloIceBoxCD", "IceBox\hello\helloIceBoxCD.csproj", "{6C390D21-6B1A-467A-A533-1A02DA104A64}"
	ProjectSection(ProjectDependencies) = postProject
	EndProjectSection
EndProject
Project("{FAE04EC0-301F-11D3-BF4B-00C04F79EFBC}") = "simpleIceGridCD", "IceGrid\simple\simpleIceGridCD.csproj", "{E50ACFB0-D945-4ED0-9E1D-6053A86BA43E}"
	ProjectSection(ProjectDependencies) = postProject
	EndProjectSection
EndProject
Project("{FAE04EC0-301F-11D3-BF4B-00C04F79EFBC}") = "simpleIceGridSD", "IceGrid\simple\simpleIceGridSD.csproj", "{7F5F90B7-88D5-47EB-B8FD-2BEF5A08E0D9}"
	ProjectSection(ProjectDependencies) = postProject
	EndProjectSection
EndProject
Project("{FAE04EC0-301F-11D3-BF4B-00C04F79EFBC}") = "sessionActivationCD", "IceGrid\sessionActivation\sessionActivationCD.csproj", "{2267CFB0-D945-4ED0-9E1D-6053A86BA43E}"
	ProjectSection(ProjectDependencies) = postProject
	EndProjectSection
EndProject
Project("{FAE04EC0-301F-11D3-BF4B-00C04F79EFBC}") = "sessionActivationSD", "IceGrid\sessionActivation\sessionActivationSD.csproj", "{226790B7-88D5-47EB-B8FD-2BEF5A08E0D9}"
	ProjectSection(ProjectDependencies) = postProject
	EndProjectSection
EndProject
Project("{FAE04EC0-301F-11D3-BF4B-00C04F79EFBC}") = "clockCD", "IceStorm\clock\clockCD.csproj", "{E76D1D8E-7154-461D-BAFA-A3BB2E5D6D7A}"
	ProjectSection(ProjectDependencies) = postProject
	EndProjectSection
EndProject
Project("{FAE04EC0-301F-11D3-BF4B-00C04F79EFBC}") = "clockSD", "IceStorm\clock\clockSD.csproj", "{FC6800FD-F1B4-4ADC-850C-6D53FFC26D81}"
	ProjectSection(ProjectDependencies) = postProject
	EndProjectSection
EndProject
Project("{FAE04EC0-301F-11D3-BF4B-00C04F79EFBC}") = "helloIceBoxSD", "IceBox\hello\helloIceBoxSD.csproj", "{8D371651-BFA4-43C9-B143-77F06F02B310}"
	ProjectSection(ProjectDependencies) = postProject
	EndProjectSection
EndProject
Global
	GlobalSection(SolutionConfiguration) = preSolution
		Debug = Debug
		Release = Release
	EndGlobalSection
	GlobalSection(ProjectConfiguration) = postSolution
		{DD2D44C1-E67A-4142-8B52-4C15463BF13E}.Debug.ActiveCfg = Debug|.NET
		{DD2D44C1-E67A-4142-8B52-4C15463BF13E}.Debug.Build.0 = Debug|.NET
		{DD2D44C1-E67A-4142-8B52-4C15463BF13E}.Release.ActiveCfg = Release|.NET
		{DD2D44C1-E67A-4142-8B52-4C15463BF13E}.Release.Build.0 = Release|.NET
		{61A697D5-36BB-4B00-88A7-E4A1C0034B66}.Debug.ActiveCfg = Debug|.NET
		{61A697D5-36BB-4B00-88A7-E4A1C0034B66}.Debug.Build.0 = Debug|.NET
		{61A697D5-36BB-4B00-88A7-E4A1C0034B66}.Release.ActiveCfg = Release|.NET
		{61A697D5-36BB-4B00-88A7-E4A1C0034B66}.Release.Build.0 = Release|.NET
		{228B2AFC-57DC-4E1F-8335-D0CD657A987B}.Debug.ActiveCfg = Debug|.NET
		{228B2AFC-57DC-4E1F-8335-D0CD657A987B}.Debug.Build.0 = Debug|.NET
		{228B2AFC-57DC-4E1F-8335-D0CD657A987B}.Release.ActiveCfg = Release|.NET
		{228B2AFC-57DC-4E1F-8335-D0CD657A987B}.Release.Build.0 = Release|.NET
		{0B41ADFF-7802-4A36-8374-C32DE33B0290}.Debug.ActiveCfg = Debug|.NET
		{0B41ADFF-7802-4A36-8374-C32DE33B0290}.Debug.Build.0 = Debug|.NET
		{0B41ADFF-7802-4A36-8374-C32DE33B0290}.Release.ActiveCfg = Release|.NET
		{0B41ADFF-7802-4A36-8374-C32DE33B0290}.Release.Build.0 = Release|.NET
		{7ED53E0A-4E93-42CA-AE8E-BB97AAFCF579}.Debug.ActiveCfg = Debug|.NET
		{7ED53E0A-4E93-42CA-AE8E-BB97AAFCF579}.Debug.Build.0 = Debug|.NET
		{7ED53E0A-4E93-42CA-AE8E-BB97AAFCF579}.Release.ActiveCfg = Release|.NET
		{7ED53E0A-4E93-42CA-AE8E-BB97AAFCF579}.Release.Build.0 = Release|.NET
		{BE103A1D-3AA6-40F6-BE0E-34AC909207EA}.Debug.ActiveCfg = Debug|.NET
		{BE103A1D-3AA6-40F6-BE0E-34AC909207EA}.Debug.Build.0 = Debug|.NET
		{BE103A1D-3AA6-40F6-BE0E-34AC909207EA}.Release.ActiveCfg = Release|.NET
		{BE103A1D-3AA6-40F6-BE0E-34AC909207EA}.Release.Build.0 = Release|.NET
		{2F6A2DC8-0F08-44A9-98E6-EB0C3525CA59}.Debug.ActiveCfg = Debug|.NET
		{2F6A2DC8-0F08-44A9-98E6-EB0C3525CA59}.Debug.Build.0 = Debug|.NET
		{2F6A2DC8-0F08-44A9-98E6-EB0C3525CA59}.Release.ActiveCfg = Release|.NET
		{2F6A2DC8-0F08-44A9-98E6-EB0C3525CA59}.Release.Build.0 = Release|.NET
		{871F0301-D864-420C-A859-5711F00078A9}.Debug.ActiveCfg = Debug|.NET
		{871F0301-D864-420C-A859-5711F00078A9}.Debug.Build.0 = Debug|.NET
		{871F0301-D864-420C-A859-5711F00078A9}.Release.ActiveCfg = Release|.NET
		{871F0301-D864-420C-A859-5711F00078A9}.Release.Build.0 = Release|.NET
		{AEEFC3E3-7ADB-4764-8B26-E48E968C3252}.Debug.ActiveCfg = Debug|.NET
		{AEEFC3E3-7ADB-4764-8B26-E48E968C3252}.Debug.Build.0 = Debug|.NET
		{AEEFC3E3-7ADB-4764-8B26-E48E968C3252}.Release.ActiveCfg = Release|.NET
		{AEEFC3E3-7ADB-4764-8B26-E48E968C3252}.Release.Build.0 = Release|.NET
		{092EBA96-7E30-49BE-96D3-B3F78F7E0CDE}.Debug.ActiveCfg = Debug|.NET
		{092EBA96-7E30-49BE-96D3-B3F78F7E0CDE}.Debug.Build.0 = Debug|.NET
		{092EBA96-7E30-49BE-96D3-B3F78F7E0CDE}.Release.ActiveCfg = Release|.NET
		{092EBA96-7E30-49BE-96D3-B3F78F7E0CDE}.Release.Build.0 = Release|.NET
		{09767289-E658-49F2-ADD6-2EB467328E6F}.Debug.ActiveCfg = Debug|.NET
		{09767289-E658-49F2-ADD6-2EB467328E6F}.Debug.Build.0 = Debug|.NET
		{09767289-E658-49F2-ADD6-2EB467328E6F}.Release.ActiveCfg = Release|.NET
		{09767289-E658-49F2-ADD6-2EB467328E6F}.Release.Build.0 = Release|.NET
		{0E78B6EA-2CDF-401A-BC2D-364E44A46636}.Debug.ActiveCfg = Debug|.NET
		{0E78B6EA-2CDF-401A-BC2D-364E44A46636}.Debug.Build.0 = Debug|.NET
		{0E78B6EA-2CDF-401A-BC2D-364E44A46636}.Release.ActiveCfg = Release|.NET
		{0E78B6EA-2CDF-401A-BC2D-364E44A46636}.Release.Build.0 = Release|.NET
		{B48255A1-FF6B-4A45-AA80-E4149A75393D}.Debug.ActiveCfg = Debug|.NET
		{B48255A1-FF6B-4A45-AA80-E4149A75393D}.Debug.Build.0 = Debug|.NET
		{B48255A1-FF6B-4A45-AA80-E4149A75393D}.Release.ActiveCfg = Release|.NET
		{B48255A1-FF6B-4A45-AA80-E4149A75393D}.Release.Build.0 = Release|.NET
		{2374126D-F982-4E2F-B9F3-278F8B38A310}.Debug.ActiveCfg = Debug|.NET
		{2374126D-F982-4E2F-B9F3-278F8B38A310}.Debug.Build.0 = Debug|.NET
		{2374126D-F982-4E2F-B9F3-278F8B38A310}.Release.ActiveCfg = Release|.NET
		{2374126D-F982-4E2F-B9F3-278F8B38A310}.Release.Build.0 = Release|.NET
		{2E01BB07-5E3A-4563-AE3B-C357672BEEF7}.Debug.ActiveCfg = Debug|.NET
		{2E01BB07-5E3A-4563-AE3B-C357672BEEF7}.Debug.Build.0 = Debug|.NET
		{2E01BB07-5E3A-4563-AE3B-C357672BEEF7}.Release.ActiveCfg = Release|.NET
		{2E01BB07-5E3A-4563-AE3B-C357672BEEF7}.Release.Build.0 = Release|.NET
		{ECF4A31E-8545-4A9D-ADC2-2020E53C9B46}.Debug.ActiveCfg = Debug|.NET
		{ECF4A31E-8545-4A9D-ADC2-2020E53C9B46}.Debug.Build.0 = Debug|.NET
		{ECF4A31E-8545-4A9D-ADC2-2020E53C9B46}.Release.ActiveCfg = Release|.NET
		{ECF4A31E-8545-4A9D-ADC2-2020E53C9B46}.Release.Build.0 = Release|.NET
		{64B7BE89-5E04-44B9-90F6-C040FB9111EA}.Debug.ActiveCfg = Debug|.NET
		{64B7BE89-5E04-44B9-90F6-C040FB9111EA}.Debug.Build.0 = Debug|.NET
		{64B7BE89-5E04-44B9-90F6-C040FB9111EA}.Release.ActiveCfg = Release|.NET
		{64B7BE89-5E04-44B9-90F6-C040FB9111EA}.Release.Build.0 = Release|.NET
		{CB1ADC6B-02F0-4470-A97B-A8F3AFF39581}.Debug.ActiveCfg = Debug|.NET
		{CB1ADC6B-02F0-4470-A97B-A8F3AFF39581}.Debug.Build.0 = Debug|.NET
		{CB1ADC6B-02F0-4470-A97B-A8F3AFF39581}.Release.ActiveCfg = Release|.NET
		{CB1ADC6B-02F0-4470-A97B-A8F3AFF39581}.Release.Build.0 = Release|.NET
		{8707D8A6-5B7F-4DAB-9619-E18ABB2D9966}.Debug.ActiveCfg = Debug|.NET
		{8707D8A6-5B7F-4DAB-9619-E18ABB2D9966}.Debug.Build.0 = Debug|.NET
		{8707D8A6-5B7F-4DAB-9619-E18ABB2D9966}.Release.ActiveCfg = Release|.NET
		{8707D8A6-5B7F-4DAB-9619-E18ABB2D9966}.Release.Build.0 = Release|.NET
		{F0D08374-2E49-4B47-BD72-0FA5E75804DD}.Debug.ActiveCfg = Debug|.NET
		{F0D08374-2E49-4B47-BD72-0FA5E75804DD}.Debug.Build.0 = Debug|.NET
		{F0D08374-2E49-4B47-BD72-0FA5E75804DD}.Release.ActiveCfg = Release|.NET
		{F0D08374-2E49-4B47-BD72-0FA5E75804DD}.Release.Build.0 = Release|.NET
		{2AC78A13-497B-44B1-8BF0-156877B78293}.Debug.ActiveCfg = Debug|.NET
		{2AC78A13-497B-44B1-8BF0-156877B78293}.Debug.Build.0 = Debug|.NET
		{2AC78A13-497B-44B1-8BF0-156877B78293}.Release.ActiveCfg = Release|.NET
		{2AC78A13-497B-44B1-8BF0-156877B78293}.Release.Build.0 = Release|.NET
		{E0C03A3C-1504-49B6-9C20-9B96DF17649E}.Debug.ActiveCfg = Debug|.NET
		{E0C03A3C-1504-49B6-9C20-9B96DF17649E}.Debug.Build.0 = Debug|.NET
		{E0C03A3C-1504-49B6-9C20-9B96DF17649E}.Release.ActiveCfg = Release|.NET
		{E0C03A3C-1504-49B6-9C20-9B96DF17649E}.Release.Build.0 = Release|.NET
		{B41A6B60-9582-4814-9291-4758BEF1E9CC}.Debug.ActiveCfg = Debug|.NET
		{B41A6B60-9582-4814-9291-4758BEF1E9CC}.Debug.Build.0 = Debug|.NET
		{B41A6B60-9582-4814-9291-4758BEF1E9CC}.Release.ActiveCfg = Release|.NET
		{B41A6B60-9582-4814-9291-4758BEF1E9CC}.Release.Build.0 = Release|.NET
		{C735D2B4-548E-4B46-BA4A-B081EFB728AA}.Debug.ActiveCfg = Debug|.NET
		{C735D2B4-548E-4B46-BA4A-B081EFB728AA}.Debug.Build.0 = Debug|.NET
		{C735D2B4-548E-4B46-BA4A-B081EFB728AA}.Release.ActiveCfg = Release|.NET
		{C735D2B4-548E-4B46-BA4A-B081EFB728AA}.Release.Build.0 = Release|.NET
		{2CF08DDA-0F0A-4B88-8ECF-E5CA54EAA765}.Debug.ActiveCfg = Debug|.NET
		{2CF08DDA-0F0A-4B88-8ECF-E5CA54EAA765}.Debug.Build.0 = Debug|.NET
		{2CF08DDA-0F0A-4B88-8ECF-E5CA54EAA765}.Release.ActiveCfg = Release|.NET
		{2CF08DDA-0F0A-4B88-8ECF-E5CA54EAA765}.Release.Build.0 = Release|.NET
		{42262F9A-0F9D-48BE-B6C7-E4D458B1A6B3}.Debug.ActiveCfg = Debug|.NET
		{42262F9A-0F9D-48BE-B6C7-E4D458B1A6B3}.Debug.Build.0 = Debug|.NET
		{42262F9A-0F9D-48BE-B6C7-E4D458B1A6B3}.Release.ActiveCfg = Release|.NET
		{42262F9A-0F9D-48BE-B6C7-E4D458B1A6B3}.Release.Build.0 = Release|.NET
		{8AD1BBF9-2E4E-4801-82C5-BD5AE86D9E2A}.Debug.ActiveCfg = Debug|.NET
		{8AD1BBF9-2E4E-4801-82C5-BD5AE86D9E2A}.Debug.Build.0 = Debug|.NET
		{8AD1BBF9-2E4E-4801-82C5-BD5AE86D9E2A}.Release.ActiveCfg = Release|.NET
		{8AD1BBF9-2E4E-4801-82C5-BD5AE86D9E2A}.Release.Build.0 = Release|.NET
		{6C390D21-6B1A-467A-A533-1A02DA104A64}.Debug.ActiveCfg = Debug|.NET
		{6C390D21-6B1A-467A-A533-1A02DA104A64}.Debug.Build.0 = Debug|.NET
		{6C390D21-6B1A-467A-A533-1A02DA104A64}.Release.ActiveCfg = Release|.NET
		{6C390D21-6B1A-467A-A533-1A02DA104A64}.Release.Build.0 = Release|.NET
		{E50ACFB0-D945-4ED0-9E1D-6053A86BA43E}.Debug.ActiveCfg = Debug|.NET
		{E50ACFB0-D945-4ED0-9E1D-6053A86BA43E}.Debug.Build.0 = Debug|.NET
		{E50ACFB0-D945-4ED0-9E1D-6053A86BA43E}.Release.ActiveCfg = Release|.NET
		{E50ACFB0-D945-4ED0-9E1D-6053A86BA43E}.Release.Build.0 = Release|.NET
		{7F5F90B7-88D5-47EB-B8FD-2BEF5A08E0D9}.Debug.ActiveCfg = Debug|.NET
		{7F5F90B7-88D5-47EB-B8FD-2BEF5A08E0D9}.Debug.Build.0 = Debug|.NET
		{7F5F90B7-88D5-47EB-B8FD-2BEF5A08E0D9}.Release.ActiveCfg = Release|.NET
		{7F5F90B7-88D5-47EB-B8FD-2BEF5A08E0D9}.Release.Build.0 = Release|.NET
		{2267CFB0-D945-4ED0-9E1D-6053A86BA43E}.Debug.ActiveCfg = Debug|.NET
		{2267CFB0-D945-4ED0-9E1D-6053A86BA43E}.Debug.Build.0 = Debug|.NET
		{2267CFB0-D945-4ED0-9E1D-6053A86BA43E}.Release.ActiveCfg = Release|.NET
		{2267CFB0-D945-4ED0-9E1D-6053A86BA43E}.Release.Build.0 = Release|.NET
		{226790B7-88D5-47EB-B8FD-2BEF5A08E0D9}.Debug.ActiveCfg = Debug|.NET
		{226790B7-88D5-47EB-B8FD-2BEF5A08E0D9}.Debug.Build.0 = Debug|.NET
		{226790B7-88D5-47EB-B8FD-2BEF5A08E0D9}.Release.ActiveCfg = Release|.NET
		{226790B7-88D5-47EB-B8FD-2BEF5A08E0D9}.Release.Build.0 = Release|.NET
		{E76D1D8E-7154-461D-BAFA-A3BB2E5D6D7A}.Debug.ActiveCfg = Debug|.NET
		{E76D1D8E-7154-461D-BAFA-A3BB2E5D6D7A}.Debug.Build.0 = Debug|.NET
		{E76D1D8E-7154-461D-BAFA-A3BB2E5D6D7A}.Release.ActiveCfg = Release|.NET
		{E76D1D8E-7154-461D-BAFA-A3BB2E5D6D7A}.Release.Build.0 = Release|.NET
		{FC6800FD-F1B4-4ADC-850C-6D53FFC26D81}.Debug.ActiveCfg = Debug|.NET
		{FC6800FD-F1B4-4ADC-850C-6D53FFC26D81}.Debug.Build.0 = Debug|.NET
		{FC6800FD-F1B4-4ADC-850C-6D53FFC26D81}.Release.ActiveCfg = Release|.NET
		{FC6800FD-F1B4-4ADC-850C-6D53FFC26D81}.Release.Build.0 = Release|.NET
		{8D371651-BFA4-43C9-B143-77F06F02B310}.Debug.ActiveCfg = Debug|.NET
		{8D371651-BFA4-43C9-B143-77F06F02B310}.Debug.Build.0 = Debug|.NET
		{8D371651-BFA4-43C9-B143-77F06F02B310}.Release.ActiveCfg = Release|.NET
		{8D371651-BFA4-43C9-B143-77F06F02B310}.Release.Build.0 = Release|.NET
	EndGlobalSection
	GlobalSection(ExtensibilityGlobals) = postSolution
	EndGlobalSection
	GlobalSection(ExtensibilityAddIns) = postSolution
	EndGlobalSection
EndGlobal
