<?xml version="1.0" encoding="utf-8"?>
<Project ToolsVersion="4.0" xmlns="http://schemas.microsoft.com/developer/msbuild/2003">
  <ItemGroup>
    <ClCompile Include="..\..\..\Server.cpp">
      <Filter>Source Files</Filter>
    </ClCompile>
    <ClCompile Include="..\..\..\TestI.cpp">
      <Filter>Source Files</Filter>
    </ClCompile>
    <ClCompile Include="..\..\..\InstrumentationI.cpp">
      <Filter>Source Files</Filter>
    </ClCompile>
    <ClCompile Include="Win32\Debug\Test.cpp">
      <Filter>Source Files\Win32\Debug</Filter>
    </ClCompile>
    <ClCompile Include="ARM\Debug\Test.cpp">
      <Filter>Source Files\ARM\Debug</Filter>
    </ClCompile>
    <ClCompile Include="x64\Debug\Test.cpp">
      <Filter>Source Files\x64\Debug</Filter>
    </ClCompile>
    <ClCompile Include="Win32\Release\Test.cpp">
      <Filter>Source Files\Win32\Release</Filter>
    </ClCompile>
    <ClCompile Include="ARM\Release\Test.cpp">
      <Filter>Source Files\ARM\Release</Filter>
    </ClCompile>
    <ClCompile Include="x64\Release\Test.cpp">
      <Filter>Source Files\x64\Release</Filter>
    </ClCompile>
  </ItemGroup>
  <ItemGroup>
    <Filter Include="Header Files">
      <UniqueIdentifier>{c33ae509-f6a3-4db7-9824-93e4b02e0c6b}</UniqueIdentifier>
    </Filter>
    <Filter Include="Source Files">
      <UniqueIdentifier>{63d53e74-78c6-4195-910b-7398b65268b0}</UniqueIdentifier>
    </Filter>
    <Filter Include="Slice Files">
      <UniqueIdentifier>{d3fdb7d3-d46b-4cca-abb2-1ad080653143}</UniqueIdentifier>
      <Extensions>ice</Extensions>
    </Filter>
    <Filter Include="Source Files\Win32">
      <UniqueIdentifier>{9807845e-2ad3-4c8b-a74c-8701a6c6a6ad}</UniqueIdentifier>
    </Filter>
    <Filter Include="Source Files\Win32\Debug">
      <UniqueIdentifier>{ca689dac-d37a-419d-b876-13b14300aea5}</UniqueIdentifier>
    </Filter>
    <Filter Include="Header Files\Win32">
      <UniqueIdentifier>{e6ceb704-456d-4d93-8a68-de652d8d346c}</UniqueIdentifier>
    </Filter>
    <Filter Include="Header Files\Win32\Debug">
      <UniqueIdentifier>{b185b58a-09a4-4b9c-8626-96b9fe4d0d04}</UniqueIdentifier>
    </Filter>
    <Filter Include="Source Files\ARM">
      <UniqueIdentifier>{4fe0359b-71e3-4e0c-b639-b9ccb6d83021}</UniqueIdentifier>
    </Filter>
    <Filter Include="Source Files\ARM\Debug">
      <UniqueIdentifier>{3beafa68-9db0-48af-a87d-ccd84a3dbaf3}</UniqueIdentifier>
    </Filter>
    <Filter Include="Header Files\ARM">
      <UniqueIdentifier>{15eb5c17-f720-463a-92d6-f89e97220165}</UniqueIdentifier>
    </Filter>
    <Filter Include="Header Files\ARM\Debug">
      <UniqueIdentifier>{d4ff27bc-4860-42c8-a120-86f9396cee34}</UniqueIdentifier>
    </Filter>
    <Filter Include="Source Files\x64">
      <UniqueIdentifier>{5360ea90-b4d5-438a-8904-297982161c36}</UniqueIdentifier>
    </Filter>
    <Filter Include="Source Files\x64\Debug">
      <UniqueIdentifier>{a29663ae-1f75-461a-9c17-7044f72cabcb}</UniqueIdentifier>
    </Filter>
    <Filter Include="Header Files\x64">
      <UniqueIdentifier>{48b1a40b-9498-426b-aaf8-7c58acdabe6f}</UniqueIdentifier>
    </Filter>
    <Filter Include="Header Files\x64\Debug">
      <UniqueIdentifier>{fd30fffc-05e7-4d5e-9e0b-1215933ee15a}</UniqueIdentifier>
    </Filter>
    <Filter Include="Source Files\Win32\Release">
      <UniqueIdentifier>{0878ec15-4abe-4a9e-bf77-1d1eec80be9a}</UniqueIdentifier>
    </Filter>
    <Filter Include="Header Files\Win32\Release">
      <UniqueIdentifier>{18109810-c5a8-4293-bb80-e429f104aa97}</UniqueIdentifier>
    </Filter>
    <Filter Include="Source Files\ARM\Release">
      <UniqueIdentifier>{6a2701ad-1c76-4e37-85f7-d5d800d0cd76}</UniqueIdentifier>
    </Filter>
    <Filter Include="Header Files\ARM\Release">
      <UniqueIdentifier>{64017f7b-1810-45a2-abf6-38cde7c200a2}</UniqueIdentifier>
    </Filter>
    <Filter Include="Source Files\x64\Release">
      <UniqueIdentifier>{693098d3-e575-428f-8076-3c5b29357504}</UniqueIdentifier>
    </Filter>
    <Filter Include="Header Files\x64\Release">
      <UniqueIdentifier>{fa06b921-0e4a-4e8b-9b98-473c95eee5d0}</UniqueIdentifier>
    </Filter>
  </ItemGroup>
  <ItemGroup>
    <IceBuilder Include="..\..\..\Test.ice">
      <Filter>Slice Files</Filter>
    </IceBuilder>
  </ItemGroup>
  <ItemGroup>
    <ClInclude Include="..\..\..\TestI.h">
      <Filter>Header Files</Filter>
    </ClInclude>
    <ClInclude Include="..\..\..\InstrumentationI.h">
      <Filter>Header Files</Filter>
    </ClInclude>
    <ClInclude Include="..\..\..\SystemFailure.h">
      <Filter>Header Files</Filter>
    </ClInclude>
    <ClInclude Include="Win32\Debug\Test.h">
      <Filter>Header Files\Win32\Debug</Filter>
    </ClInclude>
    <ClInclude Include="ARM\Debug\Test.h">
      <Filter>Header Files\ARM\Debug</Filter>
    </ClInclude>
    <ClInclude Include="x64\Debug\Test.h">
      <Filter>Header Files\x64\Debug</Filter>
    </ClInclude>
    <ClInclude Include="Win32\Release\Test.h">
      <Filter>Header Files\Win32\Release</Filter>
    </ClInclude>
    <ClInclude Include="ARM\Release\Test.h">
      <Filter>Header Files\ARM\Release</Filter>
    </ClInclude>
    <ClInclude Include="x64\Release\Test.h">
      <Filter>Header Files\x64\Release</Filter>
    </ClInclude>
  </ItemGroup>
  <ItemGroup>
    <None Include="packages.config" />
  </ItemGroup>
</Project>