<?xml version="1.0" encoding="utf-8"?>
<Project ToolsVersion="4.0" xmlns="http://schemas.microsoft.com/developer/msbuild/2003">
  <ItemGroup>
    <ClCompile Include="..\..\AllTests.cpp" />
    <ClCompile Include="..\..\Client.cpp" />
    <ClCompile Include="Win32\Debug\Test.cpp" />
    <ClCompile Include="Win32\Release\Test.cpp" />
    <ClCompile Include="x64\Debug\Test.cpp" />
    <ClCompile Include="x64\Release\Test.cpp" />
  </ItemGroup>
  <ItemGroup>
    <SliceCompile Include="..\..\Test.ice" />
  </ItemGroup>
  <ItemGroup>
    <ClInclude Include="Win32\Debug\Test.h" />
    <ClInclude Include="Win32\Release\Test.h" />
    <ClInclude Include="x64\Debug\Test.h" />
    <ClInclude Include="x64\Release\Test.h" />
  </ItemGroup>
  <ItemGroup>
    <Filter Include="Slice Files">
      <UniqueIdentifier>{bfc90d4e-b52b-4825-9325-a83fe4d8ad2f}</UniqueIdentifier>
      <Extensions>ice</Extensions>
    </Filter>
  </ItemGroup>
</Project>