<?xml version="1.0" encoding="utf-8"?>
<Project ToolsVersion="4.0" xmlns="http://schemas.microsoft.com/developer/msbuild/2003">
  <ItemGroup>
    <Filter Include="Source Files">
      <UniqueIdentifier>{de07f3bc-476e-4531-9e52-8339c2355aea}</UniqueIdentifier>
    </Filter>
    <Filter Include="Header Files">
      <UniqueIdentifier>{f6c41190-2f02-4c4c-9775-2f0aa960b59a}</UniqueIdentifier>
    </Filter>
    <Filter Include="Slice Files">
      <UniqueIdentifier>{3e715046-ef44-4ac9-98ea-4f19036e7892}</UniqueIdentifier>
      <Extensions>ice</Extensions>
    </Filter>
    <Filter Include="Source Files\Win32">
      <UniqueIdentifier>{bb4d413f-c4ee-4335-b20e-621a24cee757}</UniqueIdentifier>
    </Filter>
    <Filter Include="Source Files\Win32\Debug">
      <UniqueIdentifier>{602fd4b1-e6e8-428e-8bbc-1a685fed688f}</UniqueIdentifier>
    </Filter>
    <Filter Include="Header Files\Win32">
      <UniqueIdentifier>{92ac9b9f-979b-4432-b739-91fe13b50036}</UniqueIdentifier>
    </Filter>
    <Filter Include="Header Files\Win32\Debug">
      <UniqueIdentifier>{cddb9925-bcd6-4e50-98f5-dd1ab7147ac2}</UniqueIdentifier>
    </Filter>
    <Filter Include="Source Files\ARM">
      <UniqueIdentifier>{abe4d942-30ce-46bb-b990-95dbea59bd60}</UniqueIdentifier>
    </Filter>
    <Filter Include="Source Files\ARM\Debug">
      <UniqueIdentifier>{32546c50-eb2c-443c-90be-8c3059343c2e}</UniqueIdentifier>
    </Filter>
    <Filter Include="Header Files\ARM">
      <UniqueIdentifier>{6c27207e-ef25-4522-8302-90b038c548e1}</UniqueIdentifier>
    </Filter>
    <Filter Include="Header Files\ARM\Debug">
      <UniqueIdentifier>{35499102-f7ee-4d37-ae38-8f95ab5bf4f5}</UniqueIdentifier>
    </Filter>
    <Filter Include="Source Files\x64">
      <UniqueIdentifier>{e177072a-eaa9-4607-9f84-ce3d113199fc}</UniqueIdentifier>
    </Filter>
    <Filter Include="Source Files\x64\Debug">
      <UniqueIdentifier>{dc3e90c0-0fe5-494d-917f-c1fe957b1f1b}</UniqueIdentifier>
    </Filter>
    <Filter Include="Header Files\x64">
      <UniqueIdentifier>{ba9e8559-ce8e-46ae-a475-c1795a745666}</UniqueIdentifier>
    </Filter>
    <Filter Include="Header Files\x64\Debug">
      <UniqueIdentifier>{b16b4d2b-ccfc-48d3-b5ed-5ccb83f16a73}</UniqueIdentifier>
    </Filter>
    <Filter Include="Source Files\Win32\Release">
      <UniqueIdentifier>{f5f61fa6-4d65-46b8-84c7-b9088712aca8}</UniqueIdentifier>
    </Filter>
    <Filter Include="Header Files\Win32\Release">
      <UniqueIdentifier>{10876373-0280-4890-ab76-5b52638dc3b1}</UniqueIdentifier>
    </Filter>
    <Filter Include="Source Files\ARM\Release">
      <UniqueIdentifier>{2a83202d-27bc-486f-8955-ad537b58c7f4}</UniqueIdentifier>
    </Filter>
    <Filter Include="Header Files\ARM\Release">
      <UniqueIdentifier>{62557ac1-4d24-4c88-b70e-eedbaf55a7dd}</UniqueIdentifier>
    </Filter>
    <Filter Include="Source Files\x64\Release">
      <UniqueIdentifier>{2062b33d-34c5-4275-acfa-ea08715a2d40}</UniqueIdentifier>
    </Filter>
    <Filter Include="Header Files\x64\Release">
      <UniqueIdentifier>{37052ec5-22d3-49df-8994-7e8605ecebf0}</UniqueIdentifier>
    </Filter>
  </ItemGroup>
  <ItemGroup>
    <ClCompile Include="..\..\..\ServerAMD.cpp">
      <Filter>Source Files</Filter>
    </ClCompile>
    <ClCompile Include="..\..\..\TestAMDI.cpp">
      <Filter>Source Files</Filter>
    </ClCompile>
    <ClCompile Include="Win32\Debug\TestAMD.cpp">
      <Filter>Source Files\Win32\Debug</Filter>
    </ClCompile>
    <ClCompile Include="ARM\Debug\TestAMD.cpp">
      <Filter>Source Files\ARM\Debug</Filter>
    </ClCompile>
    <ClCompile Include="x64\Debug\TestAMD.cpp">
      <Filter>Source Files\x64\Debug</Filter>
    </ClCompile>
    <ClCompile Include="Win32\Release\TestAMD.cpp">
      <Filter>Source Files\Win32\Release</Filter>
    </ClCompile>
    <ClCompile Include="ARM\Release\TestAMD.cpp">
      <Filter>Source Files\ARM\Release</Filter>
    </ClCompile>
    <ClCompile Include="x64\Release\TestAMD.cpp">
      <Filter>Source Files\x64\Release</Filter>
    </ClCompile>
  </ItemGroup>
  <ItemGroup>
    <ClInclude Include="..\..\..\TestAMDI.h">
      <Filter>Header Files</Filter>
    </ClInclude>
    <ClInclude Include="Win32\Debug\TestAMD.h">
      <Filter>Header Files\Win32\Debug</Filter>
    </ClInclude>
    <ClInclude Include="ARM\Debug\TestAMD.h">
      <Filter>Header Files\ARM\Debug</Filter>
    </ClInclude>
    <ClInclude Include="x64\Debug\TestAMD.h">
      <Filter>Header Files\x64\Debug</Filter>
    </ClInclude>
    <ClInclude Include="Win32\Release\TestAMD.h">
      <Filter>Header Files\Win32\Release</Filter>
    </ClInclude>
    <ClInclude Include="ARM\Release\TestAMD.h">
      <Filter>Header Files\ARM\Release</Filter>
    </ClInclude>
    <ClInclude Include="x64\Release\TestAMD.h">
      <Filter>Header Files\x64\Release</Filter>
    </ClInclude>
  </ItemGroup>
  <ItemGroup>
    <IceBuilder Include="..\..\..\TestAMD.ice">
      <Filter>Slice Files</Filter>
    </IceBuilder>
  </ItemGroup>
  <ItemGroup>
    <None Include="packages.config" />
  </ItemGroup>
</Project>